// !$*UTF8*$!
{
	archiveVersion = 1;
	classes = {
	};
	objectVersion = 55;
	objects = {

/* Begin PBXBuildFile section */
		31AEC4FB01B76B0EEB46D85F /* Pods_attendanccc.framework in Frameworks */ = {isa = PBXBuildFile; fileRef = 9B640F42F10EFE36F8838322 /* Pods_attendanccc.framework */; };
		EE918CB82736E6F9002181E9 /* AppDelegate.swift in Sources */ = {isa = PBXBuildFile; fileRef = EE918CB72736E6F9002181E9 /* AppDelegate.swift */; };
		EE918CBA2736E6F9002181E9 /* SceneDelegate.swift in Sources */ = {isa = PBXBuildFile; fileRef = EE918CB92736E6F9002181E9 /* SceneDelegate.swift */; };
		EE918CBC2736E6F9002181E9 /* StudentPage.swift in Sources */ = {isa = PBXBuildFile; fileRef = EE918CBB2736E6F9002181E9 /* StudentPage.swift */; };
		EE918CC12736E6FA002181E9 /* Assets.xcassets in Resources */ = {isa = PBXBuildFile; fileRef = EE918CC02736E6FA002181E9 /* Assets.xcassets */; };
		EE918CC42736E6FA002181E9 /* LaunchScreen.storyboard in Resources */ = {isa = PBXBuildFile; fileRef = EE918CC22736E6FA002181E9 /* LaunchScreen.storyboard */; };
		EE918CCC2736E804002181E9 /* GoogleService-Info.plist in Resources */ = {isa = PBXBuildFile; fileRef = EE918CCB2736E804002181E9 /* GoogleService-Info.plist */; };
		EE918CCE2736EB9D002181E9 /* TapBarController.swift in Sources */ = {isa = PBXBuildFile; fileRef = EE918CCD2736EB9D002181E9 /* TapBarController.swift */; };
		EE918CD02736EBC3002181E9 /* DaysPage.swift in Sources */ = {isa = PBXBuildFile; fileRef = EE918CCF2736EBC3002181E9 /* DaysPage.swift */; };
		EE918CD22736EBEC002181E9 /* AttendancePage.swift in Sources */ = {isa = PBXBuildFile; fileRef = EE918CD12736EBEC002181E9 /* AttendancePage.swift */; };
/* End PBXBuildFile section */

/* Begin PBXFileReference section */
		3013D3169D1E5CCE4FAB92E0 /* Pods-attendanccc.release.xcconfig */ = {isa = PBXFileReference; includeInIndex = 1; lastKnownFileType = text.xcconfig; name = "Pods-attendanccc.release.xcconfig"; path = "Target Support Files/Pods-attendanccc/Pods-attendanccc.release.xcconfig"; sourceTree = "<group>"; };
		9B640F42F10EFE36F8838322 /* Pods_attendanccc.framework */ = {isa = PBXFileReference; explicitFileType = wrapper.framework; includeInIndex = 0; path = Pods_attendanccc.framework; sourceTree = BUILT_PRODUCTS_DIR; };
		E03550B35464D8298B95B9AD /* Pods-attendanccc.debug.xcconfig */ = {isa = PBXFileReference; includeInIndex = 1; lastKnownFileType = text.xcconfig; name = "Pods-attendanccc.debug.xcconfig"; path = "Target Support Files/Pods-attendanccc/Pods-attendanccc.debug.xcconfig"; sourceTree = "<group>"; };
		EE918CB42736E6F8002181E9 /* attendanccc.app */ = {isa = PBXFileReference; explicitFileType = wrapper.application; includeInIndex = 0; path = attendanccc.app; sourceTree = BUILT_PRODUCTS_DIR; };
		EE918CB72736E6F9002181E9 /* AppDelegate.swift */ = {isa = PBXFileReference; lastKnownFileType = sourcecode.swift; path = AppDelegate.swift; sourceTree = "<group>"; };
		EE918CB92736E6F9002181E9 /* SceneDelegate.swift */ = {isa = PBXFileReference; lastKnownFileType = sourcecode.swift; path = SceneDelegate.swift; sourceTree = "<group>"; };
		EE918CBB2736E6F9002181E9 /* StudentPage.swift */ = {isa = PBXFileReference; lastKnownFileType = sourcecode.swift; path = StudentPage.swift; sourceTree = "<group>"; };
		EE918CC02736E6FA002181E9 /* Assets.xcassets */ = {isa = PBXFileReference; lastKnownFileType = folder.assetcatalog; path = Assets.xcassets; sourceTree = "<group>"; };
		EE918CC32736E6FA002181E9 /* Base */ = {isa = PBXFileReference; lastKnownFileType = file.storyboard; name = Base; path = Base.lproj/LaunchScreen.storyboard; sourceTree = "<group>"; };
		EE918CC52736E6FA002181E9 /* Info.plist */ = {isa = PBXFileReference; lastKnownFileType = text.plist.xml; path = Info.plist; sourceTree = "<group>"; };
		EE918CCB2736E804002181E9 /* GoogleService-Info.plist */ = {isa = PBXFileReference; fileEncoding = 4; lastKnownFileType = text.plist.xml; path = "GoogleService-Info.plist"; sourceTree = "<group>"; };
		EE918CCD2736EB9D002181E9 /* TapBarController.swift */ = {isa = PBXFileReference; lastKnownFileType = sourcecode.swift; path = TapBarController.swift; sourceTree = "<group>"; };
		EE918CCF2736EBC3002181E9 /* DaysPage.swift */ = {isa = PBXFileReference; lastKnownFileType = sourcecode.swift; path = DaysPage.swift; sourceTree = "<group>"; };
		EE918CD12736EBEC002181E9 /* AttendancePage.swift */ = {isa = PBXFileReference; lastKnownFileType = sourcecode.swift; path = AttendancePage.swift; sourceTree = "<group>"; };
/* End PBXFileReference section */

/* Begin PBXFrameworksBuildPhase section */
		EE918CB12736E6F8002181E9 /* Frameworks */ = {
			isa = PBXFrameworksBuildPhase;
			buildActionMask = 2147483647;
			files = (
				31AEC4FB01B76B0EEB46D85F /* Pods_attendanccc.framework in Frameworks */,
			);
			runOnlyForDeploymentPostprocessing = 0;
		};
/* End PBXFrameworksBuildPhase section */

/* Begin PBXGroup section */
		4C70FD203B9D8213107783EB /* Frameworks */ = {
			isa = PBXGroup;
			children = (
				9B640F42F10EFE36F8838322 /* Pods_attendanccc.framework */,
			);
			name = Frameworks;
			sourceTree = "<group>";
		};
		BA05E477BBABA3DE6CB071C9 /* Pods */ = {
			isa = PBXGroup;
			children = (
				E03550B35464D8298B95B9AD /* Pods-attendanccc.debug.xcconfig */,
				3013D3169D1E5CCE4FAB92E0 /* Pods-attendanccc.release.xcconfig */,
			);
			path = Pods;
			sourceTree = "<group>";
		};
		EE918CAB2736E6F8002181E9 = {
			isa = PBXGroup;
			children = (
				EE918CB62736E6F8002181E9 /* attendanccc */,
				EE918CB52736E6F8002181E9 /* Products */,
				BA05E477BBABA3DE6CB071C9 /* Pods */,
				4C70FD203B9D8213107783EB /* Frameworks */,
			);
			sourceTree = "<group>";
		};
		EE918CB52736E6F8002181E9 /* Products */ = {
			isa = PBXGroup;
			children = (
				EE918CB42736E6F8002181E9 /* attendanccc.app */,
			);
			name = Products;
			sourceTree = "<group>";
		};
		EE918CB62736E6F8002181E9 /* attendanccc */ = {
			isa = PBXGroup;
			children = (
				EE918CCB2736E804002181E9 /* GoogleService-Info.plist */,
				EE918CB72736E6F9002181E9 /* AppDelegate.swift */,
				EE918CB92736E6F9002181E9 /* SceneDelegate.swift */,
				EE918CBB2736E6F9002181E9 /* StudentPage.swift */,
				EE918CCD2736EB9D002181E9 /* TapBarController.swift */,
				EE918CCF2736EBC3002181E9 /* DaysPage.swift */,
				EE918CD12736EBEC002181E9 /* AttendancePage.swift */,
				EE918CC02736E6FA002181E9 /* Assets.xcassets */,
				EE918CC22736E6FA002181E9 /* LaunchScreen.storyboard */,
				EE918CC52736E6FA002181E9 /* Info.plist */,
			);
			path = attendanccc;
			sourceTree = "<group>";
		};
/* End PBXGroup section */

/* Begin PBXNativeTarget section */
		EE918CB32736E6F8002181E9 /* attendanccc */ = {
			isa = PBXNativeTarget;
			buildConfigurationList = EE918CC82736E6FA002181E9 /* Build configuration list for PBXNativeTarget "attendanccc" */;
			buildPhases = (
				8A90BAC1DF3D6738E3AE1F24 /* [CP] Check Pods Manifest.lock */,
				EE918CB02736E6F8002181E9 /* Sources */,
				EE918CB12736E6F8002181E9 /* Frameworks */,
				EE918CB22736E6F8002181E9 /* Resources */,
				E00C98BD4E98488D237D61B7 /* [CP] Embed Pods Frameworks */,
			);
			buildRules = (
			);
			dependencies = (
			);
			name = attendanccc;
			productName = attendanccc;
			productReference = EE918CB42736E6F8002181E9 /* attendanccc.app */;
			productType = "com.apple.product-type.application";
		};
/* End PBXNativeTarget section */

/* Begin PBXProject section */
		EE918CAC2736E6F8002181E9 /* Project object */ = {
			isa = PBXProject;
			attributes = {
				BuildIndependentTargetsInParallel = 1;
				LastSwiftUpdateCheck = 1310;
				LastUpgradeCheck = 1310;
				TargetAttributes = {
					EE918CB32736E6F8002181E9 = {
						CreatedOnToolsVersion = 13.1;
					};
				};
			};
			buildConfigurationList = EE918CAF2736E6F8002181E9 /* Build configuration list for PBXProject "attendanccc" */;
			compatibilityVersion = "Xcode 13.0";
			developmentRegion = en;
			hasScannedForEncodings = 0;
			knownRegions = (
				en,
				Base,
			);
			mainGroup = EE918CAB2736E6F8002181E9;
			productRefGroup = EE918CB52736E6F8002181E9 /* Products */;
			projectDirPath = "";
			projectRoot = "";
			targets = (
				EE918CB32736E6F8002181E9 /* attendanccc */,
			);
		};
/* End PBXProject section */

/* Begin PBXResourcesBuildPhase section */
		EE918CB22736E6F8002181E9 /* Resources */ = {
			isa = PBXResourcesBuildPhase;
			buildActionMask = 2147483647;
			files = (
				EE918CC42736E6FA002181E9 /* LaunchScreen.storyboard in Resources */,
				EE918CC12736E6FA002181E9 /* Assets.xcassets in Resources */,
				EE918CCC2736E804002181E9 /* GoogleService-Info.plist in Resources */,
			);
			runOnlyForDeploymentPostprocessing = 0;
		};
/* End PBXResourcesBuildPhase section */

/* Begin PBXShellScriptBuildPhase section */
		8A90BAC1DF3D6738E3AE1F24 /* [CP] Check Pods Manifest.lock */ = {
			isa = PBXShellScriptBuildPhase;
			buildActionMask = 2147483647;
			files = (
			);
			inputFileListPaths = (
			);
			inputPaths = (
				"${PODS_PODFILE_DIR_PATH}/Podfile.lock",
				"${PODS_ROOT}/Manifest.lock",
			);
			name = "[CP] Check Pods Manifest.lock";
			outputFileListPaths = (
			);
			outputPaths = (
				"$(DERIVED_FILE_DIR)/Pods-attendanccc-checkManifestLockResult.txt",
			);
			runOnlyForDeploymentPostprocessing = 0;
			shellPath = /bin/sh;
			shellScript = "diff \"${PODS_PODFILE_DIR_PATH}/Podfile.lock\" \"${PODS_ROOT}/Manifest.lock\" > /dev/null\nif [ $? != 0 ] ; then\n    # print error to STDERR\n    echo \"error: The sandbox is not in sync with the Podfile.lock. Run 'pod install' or update your CocoaPods installation.\" >&2\n    exit 1\nfi\n# This output is used by Xcode 'outputs' to avoid re-running this script phase.\necho \"SUCCESS\" > \"${SCRIPT_OUTPUT_FILE_0}\"\n";
			showEnvVarsInLog = 0;
		};
		E00C98BD4E98488D237D61B7 /* [CP] Embed Pods Frameworks */ = {
			isa = PBXShellScriptBuildPhase;
			buildActionMask = 2147483647;
			files = (
			);
			inputFileListPaths = (
				"${PODS_ROOT}/Target Support Files/Pods-attendanccc/Pods-attendanccc-frameworks-${CONFIGURATION}-input-files.xcfilelist",
			);
			name = "[CP] Embed Pods Frameworks";
			outputFileListPaths = (
				"${PODS_ROOT}/Target Support Files/Pods-attendanccc/Pods-attendanccc-frameworks-${CONFIGURATION}-output-files.xcfilelist",
			);
			runOnlyForDeploymentPostprocessing = 0;
			shellPath = /bin/sh;
			shellScript = "\"${PODS_ROOT}/Target Support Files/Pods-attendanccc/Pods-attendanccc-frameworks.sh\"\n";
			showEnvVarsInLog = 0;
		};
/* End PBXShellScriptBuildPhase section */

/* Begin PBXSourcesBuildPhase section */
		EE918CB02736E6F8002181E9 /* Sources */ = {
			isa = PBXSourcesBuildPhase;
			buildActionMask = 2147483647;
			files = (
				EE918CBC2736E6F9002181E9 /* StudentPage.swift in Sources */,
				EE918CD02736EBC3002181E9 /* DaysPage.swift in Sources */,
				EE918CB82736E6F9002181E9 /* AppDelegate.swift in Sources */,
				EE918CD22736EBEC002181E9 /* AttendancePage.swift in Sources */,
				EE918CBA2736E6F9002181E9 /* SceneDelegate.swift in Sources */,
				EE918CCE2736EB9D002181E9 /* TapBarController.swift in Sources */,
			);
			runOnlyForDeploymentPostprocessing = 0;
		};
/* End PBXSourcesBuildPhase section */

/* Begin PBXVariantGroup section */
		EE918CC22736E6FA002181E9 /* LaunchScreen.storyboard */ = {
			isa = PBXVariantGroup;
			children = (
				EE918CC32736E6FA002181E9 /* Base */,
			);
			name = LaunchScreen.storyboard;
			sourceTree = "<group>";
		};
/* End PBXVariantGroup section */

/* Begin XCBuildConfiguration section */
		EE918CC62736E6FA002181E9 /* Debug */ = {
			isa = XCBuildConfiguration;
			buildSettings = {
				ALWAYS_SEARCH_USER_PATHS = NO;
				CLANG_ANALYZER_NONNULL = YES;
				CLANG_ANALYZER_NUMBER_OBJECT_CONVERSION = YES_AGGRESSIVE;
				CLANG_CXX_LANGUAGE_STANDARD = "gnu++17";
				CLANG_CXX_LIBRARY = "libc++";
				CLANG_ENABLE_MODULES = YES;
				CLANG_ENABLE_OBJC_ARC = YES;
				CLANG_ENABLE_OBJC_WEAK = YES;
				CLANG_WARN_BLOCK_CAPTURE_AUTORELEASING = YES;
				CLANG_WARN_BOOL_CONVERSION = YES;
				CLANG_WARN_COMMA = YES;
				CLANG_WARN_CONSTANT_CONVERSION = YES;
				CLANG_WARN_DEPRECATED_OBJC_IMPLEMENTATIONS = YES;
				CLANG_WARN_DIRECT_OBJC_ISA_USAGE = YES_ERROR;
				CLANG_WARN_DOCUMENTATION_COMMENTS = YES;
				CLANG_WARN_EMPTY_BODY = YES;
				CLANG_WARN_ENUM_CONVERSION = YES;
				CLANG_WARN_INFINITE_RECURSION = YES;
				CLANG_WARN_INT_CONVERSION = YES;
				CLANG_WARN_NON_LITERAL_NULL_CONVERSION = YES;
				CLANG_WARN_OBJC_IMPLICIT_RETAIN_SELF = YES;
				CLANG_WARN_OBJC_LITERAL_CONVERSION = YES;
				CLANG_WARN_OBJC_ROOT_CLASS = YES_ERROR;
				CLANG_WARN_QUOTED_INCLUDE_IN_FRAMEWORK_HEADER = YES;
				CLANG_WARN_RANGE_LOOP_ANALYSIS = YES;
				CLANG_WARN_STRICT_PROTOTYPES = YES;
				CLANG_WARN_SUSPICIOUS_MOVE = YES;
				CLANG_WARN_UNGUARDED_AVAILABILITY = YES_AGGRESSIVE;
				CLANG_WARN_UNREACHABLE_CODE = YES;
				CLANG_WARN__DUPLICATE_METHOD_MATCH = YES;
				COPY_PHASE_STRIP = NO;
				DEBUG_INFORMATION_FORMAT = dwarf;
				ENABLE_STRICT_OBJC_MSGSEND = YES;
				ENABLE_TESTABILITY = YES;
				GCC_C_LANGUAGE_STANDARD = gnu11;
				GCC_DYNAMIC_NO_PIC = NO;
				GCC_NO_COMMON_BLOCKS = YES;
				GCC_OPTIMIZATION_LEVEL = 0;
				GCC_PREPROCESSOR_DEFINITIONS = (
					"DEBUG=1",
					"$(inherited)",
				);
				GCC_WARN_64_TO_32_BIT_CONVERSION = YES;
				GCC_WARN_ABOUT_RETURN_TYPE = YES_ERROR;
				GCC_WARN_UNDECLARED_SELECTOR = YES;
				GCC_WARN_UNINITIALIZED_AUTOS = YES_AGGRESSIVE;
				GCC_WARN_UNUSED_FUNCTION = YES;
				GCC_WARN_UNUSED_VARIABLE = YES;
				IPHONEOS_DEPLOYMENT_TARGET = 15.0;
				MTL_ENABLE_DEBUG_INFO = INCLUDE_SOURCE;
				MTL_FAST_MATH = YES;
				ONLY_ACTIVE_ARCH = YES;
				SDKROOT = iphoneos;
				SWIFT_ACTIVE_COMPILATION_CONDITIONS = DEBUG;
				SWIFT_OPTIMIZATION_LEVEL = "-Onone";
			};
			name = Debug;
		};
		EE918CC72736E6FA002181E9 /* Release */ = {
			isa = XCBuildConfiguration;
			buildSettings = {
				ALWAYS_SEARCH_USER_PATHS = NO;
				CLANG_ANALYZER_NONNULL = YES;
				CLANG_ANALYZER_NUMBER_OBJECT_CONVERSION = YES_AGGRESSIVE;
				CLANG_CXX_LANGUAGE_STANDARD = "gnu++17";
				CLANG_CXX_LIBRARY = "libc++";
				CLANG_ENABLE_MODULES = YES;
				CLANG_ENABLE_OBJC_ARC = YES;
				CLANG_ENABLE_OBJC_WEAK = YES;
				CLANG_WARN_BLOCK_CAPTURE_AUTORELEASING = YES;
				CLANG_WARN_BOOL_CONVERSION = YES;
				CLANG_WARN_COMMA = YES;
				CLANG_WARN_CONSTANT_CONVERSION = YES;
				CLANG_WARN_DEPRECATED_OBJC_IMPLEMENTATIONS = YES;
				CLANG_WARN_DIRECT_OBJC_ISA_USAGE = YES_ERROR;
				CLANG_WARN_DOCUMENTATION_COMMENTS = YES;
				CLANG_WARN_EMPTY_BODY = YES;
				CLANG_WARN_ENUM_CONVERSION = YES;
				CLANG_WARN_INFINITE_RECURSION = YES;
				CLANG_WARN_INT_CONVERSION = YES;
				CLANG_WARN_NON_LITERAL_NULL_CONVERSION = YES;
				CLANG_WARN_OBJC_IMPLICIT_RETAIN_SELF = YES;
				CLANG_WARN_OBJC_LITERAL_CONVERSION = YES;
				CLANG_WARN_OBJC_ROOT_CLASS = YES_ERROR;
				CLANG_WARN_QUOTED_INCLUDE_IN_FRAMEWORK_HEADER = YES;
				CLANG_WARN_RANGE_LOOP_ANALYSIS = YES;
				CLANG_WARN_STRICT_PROTOTYPES = YES;
				CLANG_WARN_SUSPICIOUS_MOVE = YES;
				CLANG_WARN_UNGUARDED_AVAILABILITY = YES_AGGRESSIVE;
				CLANG_WARN_UNREACHABLE_CODE = YES;
				CLANG_WARN__DUPLICATE_METHOD_MATCH = YES;
				COPY_PHASE_STRIP = NO;
				DEBUG_INFORMATION_FORMAT = "dwarf-with-dsym";
				ENABLE_NS_ASSERTIONS = NO;
				ENABLE_STRICT_OBJC_MSGSEND = YES;
				GCC_C_LANGUAGE_STANDARD = gnu11;
				GCC_NO_COMMON_BLOCKS = YES;
				GCC_WARN_64_TO_32_BIT_CONVERSION = YES;
				GCC_WARN_ABOUT_RETURN_TYPE = YES_ERROR;
				GCC_WARN_UNDECLARED_SELECTOR = YES;
				GCC_WARN_UNINITIALIZED_AUTOS = YES_AGGRESSIVE;
				GCC_WARN_UNUSED_FUNCTION = YES;
				GCC_WARN_UNUSED_VARIABLE = YES;
				IPHONEOS_DEPLOYMENT_TARGET = 15.0;
				MTL_ENABLE_DEBUG_INFO = NO;
				MTL_FAST_MATH = YES;
				SDKROOT = iphoneos;
				SWIFT_COMPILATION_MODE = wholemodule;
				SWIFT_OPTIMIZATION_LEVEL = "-O";
				VALIDATE_PRODUCT = YES;
			};
			name = Release;
		};
		EE918CC92736E6FA002181E9 /* Debug */ = {
			isa = XCBuildConfiguration;
			baseConfigurationReference = E03550B35464D8298B95B9AD /* Pods-attendanccc.debug.xcconfig */;
			buildSettings = {
				ASSETCATALOG_COMPILER_APPICON_NAME = AppIcon;
				ASSETCATALOG_COMPILER_GLOBAL_ACCENT_COLOR_NAME = AccentColor;
				CODE_SIGN_STYLE = Automatic;
				CURRENT_PROJECT_VERSION = 1;
				GENERATE_INFOPLIST_FILE = YES;
				INFOPLIST_FILE = attendanccc/Info.plist;
				INFOPLIST_KEY_UIApplicationSupportsIndirectInputEvents = YES;
				INFOPLIST_KEY_UILaunchStoryboardName = LaunchScreen;
				INFOPLIST_KEY_UISupportedInterfaceOrientations_iPad = "UIInterfaceOrientationPortrait UIInterfaceOrientationPortraitUpsideDown UIInterfaceOrientationLandscapeLeft UIInterfaceOrientationLandscapeRight";
				INFOPLIST_KEY_UISupportedInterfaceOrientations_iPhone = "UIInterfaceOrientationPortrait UIInterfaceOrientationLandscapeLeft UIInterfaceOrientationLandscapeRight";
				LD_RUNPATH_SEARCH_PATHS = (
					"$(inherited)",
					"@executable_path/Frameworks",
				);
				MARKETING_VERSION = 1.0;
				PRODUCT_BUNDLE_IDENTIFIER = sally.com.attendanccc;
				PRODUCT_NAME = "$(TARGET_NAME)";
				SWIFT_EMIT_LOC_STRINGS = YES;
				SWIFT_VERSION = 5.0;
				TARGETED_DEVICE_FAMILY = "1,2";
			};
			name = Debug;
		};
		EE918CCA2736E6FA002181E9 /* Release */ = {
			isa = XCBuildConfiguration;
			baseConfigurationReference = 3013D3169D1E5CCE4FAB92E0 /* Pods-attendanccc.release.xcconfig */;
			buildSettings = {
				ASSETCATALOG_COMPILER_APPICON_NAME = AppIcon;
				ASSETCATALOG_COMPILER_GLOBAL_ACCENT_COLOR_NAME = AccentColor;
				CODE_SIGN_STYLE = Automatic;
				CURRENT_PROJECT_VERSION = 1;
				GENERATE_INFOPLIST_FILE = YES;
				INFOPLIST_FILE = attendanccc/Info.plist;
				INFOPLIST_KEY_UIApplicationSupportsIndirectInputEvents = YES;
				INFOPLIST_KEY_UILaunchStoryboardName = LaunchScreen;
				INFOPLIST_KEY_UISupportedInterfaceOrientations_iPad = "UIInterfaceOrientationPortrait UIInterfaceOrientationPortraitUpsideDown UIInterfaceOrientationLandscapeLeft UIInterfaceOrientationLandscapeRight";
				INFOPLIST_KEY_UISupportedInterfaceOrientations_iPhone = "UIInterfaceOrientationPortrait UIInterfaceOrientationLandscapeLeft UIInterfaceOrientationLandscapeRight";
				LD_RUNPATH_SEARCH_PATHS = (
					"$(inherited)",
					"@executable_path/Frameworks",
				);
				MARKETING_VERSION = 1.0;
				PRODUCT_BUNDLE_IDENTIFIER = sally.com.attendanccc;
				PRODUCT_NAME = "$(TARGET_NAME)";
				SWIFT_EMIT_LOC_STRINGS = YES;
				SWIFT_VERSION = 5.0;
				TARGETED_DEVICE_FAMILY = "1,2";
			};
			name = Release;
		};
/* End XCBuildConfiguration section */

/* Begin XCConfigurationList section */
		EE918CAF2736E6F8002181E9 /* Build configuration list for PBXProject "attendanccc" */ = {
			isa = XCConfigurationList;
			buildConfigurations = (
				EE918CC62736E6FA002181E9 /* Debug */,
				EE918CC72736E6FA002181E9 /* Release */,
			);
			defaultConfigurationIsVisible = 0;
			defaultConfigurationName = Release;
		};
		EE918CC82736E6FA002181E9 /* Build configuration list for PBXNativeTarget "attendanccc" */ = {
			isa = XCConfigurationList;
			buildConfigurations = (
				EE918CC92736E6FA002181E9 /* Debug */,
				EE918CCA2736E6FA002181E9 /* Release */,
			);
			defaultConfigurationIsVisible = 0;
			defaultConfigurationName = Release;
		};
/* End XCConfigurationList section */
	};
	rootObject = EE918CAC2736E6F8002181E9 /* Project object */;
}
