// !$*UTF8*$!
{
	archiveVersion = 1;
	classes = {
	};
	objectVersion = 55;
	objects = {

/* Begin PBXBuildFile section */
		84EBFA162732861700D8FCF8 /* AppDelegate.swift in Sources */ = {isa = PBXBuildFile; fileRef = 84EBFA152732861700D8FCF8 /* AppDelegate.swift */; };
		84EBFA182732861700D8FCF8 /* SceneDelegate.swift in Sources */ = {isa = PBXBuildFile; fileRef = 84EBFA172732861700D8FCF8 /* SceneDelegate.swift */; };
		84EBFA1A2732861700D8FCF8 /* ViewController.swift in Sources */ = {isa = PBXBuildFile; fileRef = 84EBFA192732861700D8FCF8 /* ViewController.swift */; };
		84EBFA1F2732861B00D8FCF8 /* Assets.xcassets in Resources */ = {isa = PBXBuildFile; fileRef = 84EBFA1E2732861B00D8FCF8 /* Assets.xcassets */; };
		84EBFA222732861B00D8FCF8 /* LaunchScreen.storyboard in Resources */ = {isa = PBXBuildFile; fileRef = 84EBFA202732861B00D8FCF8 /* LaunchScreen.storyboard */; };
		84EBFA2A273286AD00D8FCF8 /* GoogleService-Info.plist in Resources */ = {isa = PBXBuildFile; fileRef = 84EBFA29273286AD00D8FCF8 /* GoogleService-Info.plist */; };
		84EBFA2C2732901D00D8FCF8 /* DaysTableViewController.swift in Sources */ = {isa = PBXBuildFile; fileRef = 84EBFA2B2732901D00D8FCF8 /* DaysTableViewController.swift */; };
		84EBFA2E2732923900D8FCF8 /* structs.swift in Sources */ = {isa = PBXBuildFile; fileRef = 84EBFA2D2732923900D8FCF8 /* structs.swift */; };
		84EBFA30273297BA00D8FCF8 /* allStudent.swift in Sources */ = {isa = PBXBuildFile; fileRef = 84EBFA2F273297BA00D8FCF8 /* allStudent.swift */; };
		84EBFA322732A5A400D8FCF8 /* Tap bar.swift in Sources */ = {isa = PBXBuildFile; fileRef = 84EBFA312732A5A300D8FCF8 /* Tap bar.swift */; };
		84EBFA3427330A7500D8FCF8 /* StudentsVC.swift in Sources */ = {isa = PBXBuildFile; fileRef = 84EBFA3327330A7500D8FCF8 /* StudentsVC.swift */; };
		DF636263C41DAC917CB90980 /* Pods_attended.framework in Frameworks */ = {isa = PBXBuildFile; fileRef = 3E9C7D517BEC64BEFCF5133D /* Pods_attended.framework */; };
/* End PBXBuildFile section */

/* Begin PBXFileReference section */
		3E9C7D517BEC64BEFCF5133D /* Pods_attended.framework */ = {isa = PBXFileReference; explicitFileType = wrapper.framework; includeInIndex = 0; path = Pods_attended.framework; sourceTree = BUILT_PRODUCTS_DIR; };
		84EBFA122732861700D8FCF8 /* attended.app */ = {isa = PBXFileReference; explicitFileType = wrapper.application; includeInIndex = 0; path = attended.app; sourceTree = BUILT_PRODUCTS_DIR; };
		84EBFA152732861700D8FCF8 /* AppDelegate.swift */ = {isa = PBXFileReference; lastKnownFileType = sourcecode.swift; path = AppDelegate.swift; sourceTree = "<group>"; };
		84EBFA172732861700D8FCF8 /* SceneDelegate.swift */ = {isa = PBXFileReference; lastKnownFileType = sourcecode.swift; path = SceneDelegate.swift; sourceTree = "<group>"; };
		84EBFA192732861700D8FCF8 /* ViewController.swift */ = {isa = PBXFileReference; lastKnownFileType = sourcecode.swift; path = ViewController.swift; sourceTree = "<group>"; };
		84EBFA1E2732861B00D8FCF8 /* Assets.xcassets */ = {isa = PBXFileReference; lastKnownFileType = folder.assetcatalog; path = Assets.xcassets; sourceTree = "<group>"; };
		84EBFA212732861B00D8FCF8 /* Base */ = {isa = PBXFileReference; lastKnownFileType = file.storyboard; name = Base; path = Base.lproj/LaunchScreen.storyboard; sourceTree = "<group>"; };
		84EBFA232732861B00D8FCF8 /* Info.plist */ = {isa = PBXFileReference; lastKnownFileType = text.plist.xml; path = Info.plist; sourceTree = "<group>"; };
		84EBFA29273286AD00D8FCF8 /* GoogleService-Info.plist */ = {isa = PBXFileReference; fileEncoding = 4; lastKnownFileType = text.plist.xml; path = "GoogleService-Info.plist"; sourceTree = "<group>"; };
		84EBFA2B2732901D00D8FCF8 /* DaysTableViewController.swift */ = {isa = PBXFileReference; lastKnownFileType = sourcecode.swift; path = DaysTableViewController.swift; sourceTree = "<group>"; };
		84EBFA2D2732923900D8FCF8 /* structs.swift */ = {isa = PBXFileReference; lastKnownFileType = sourcecode.swift; path = structs.swift; sourceTree = "<group>"; };
		84EBFA2F273297BA00D8FCF8 /* allStudent.swift */ = {isa = PBXFileReference; lastKnownFileType = sourcecode.swift; path = allStudent.swift; sourceTree = "<group>"; };
		84EBFA312732A5A300D8FCF8 /* Tap bar.swift */ = {isa = PBXFileReference; fileEncoding = 4; lastKnownFileType = sourcecode.swift; name = "Tap bar.swift"; path = "../../SaraChat/SaraChat/Controllers/Tap bar.swift"; sourceTree = "<group>"; };
		84EBFA3327330A7500D8FCF8 /* StudentsVC.swift */ = {isa = PBXFileReference; lastKnownFileType = sourcecode.swift; path = StudentsVC.swift; sourceTree = "<group>"; };
		B0FDAC72D4198DDB8B67DDE1 /* Pods-attended.debug.xcconfig */ = {isa = PBXFileReference; includeInIndex = 1; lastKnownFileType = text.xcconfig; name = "Pods-attended.debug.xcconfig"; path = "Target Support Files/Pods-attended/Pods-attended.debug.xcconfig"; sourceTree = "<group>"; };
		BBD461F5CA0E2DF2D82DC155 /* Pods-attended.release.xcconfig */ = {isa = PBXFileReference; includeInIndex = 1; lastKnownFileType = text.xcconfig; name = "Pods-attended.release.xcconfig"; path = "Target Support Files/Pods-attended/Pods-attended.release.xcconfig"; sourceTree = "<group>"; };
/* End PBXFileReference section */

/* Begin PBXFrameworksBuildPhase section */
		84EBFA0F2732861700D8FCF8 /* Frameworks */ = {
			isa = PBXFrameworksBuildPhase;
			buildActionMask = 2147483647;
			files = (
				DF636263C41DAC917CB90980 /* Pods_attended.framework in Frameworks */,
			);
			runOnlyForDeploymentPostprocessing = 0;
		};
/* End PBXFrameworksBuildPhase section */

/* Begin PBXGroup section */
		84EBFA092732861700D8FCF8 = {
			isa = PBXGroup;
			children = (
				84EBFA142732861700D8FCF8 /* attended */,
				84EBFA132732861700D8FCF8 /* Products */,
				9212480FBD310CF3E7C97F1F /* Pods */,
				CB9800A1EDD0578C184BA47E /* Frameworks */,
			);
			sourceTree = "<group>";
		};
		84EBFA132732861700D8FCF8 /* Products */ = {
			isa = PBXGroup;
			children = (
				84EBFA122732861700D8FCF8 /* attended.app */,
			);
			name = Products;
			sourceTree = "<group>";
		};
		84EBFA142732861700D8FCF8 /* attended */ = {
			isa = PBXGroup;
			children = (
				84EBFA29273286AD00D8FCF8 /* GoogleService-Info.plist */,
				84EBFA152732861700D8FCF8 /* AppDelegate.swift */,
				84EBFA172732861700D8FCF8 /* SceneDelegate.swift */,
				84EBFA192732861700D8FCF8 /* ViewController.swift */,
				84EBFA2B2732901D00D8FCF8 /* DaysTableViewController.swift */,
				84EBFA2F273297BA00D8FCF8 /* allStudent.swift */,
				84EBFA3327330A7500D8FCF8 /* StudentsVC.swift */,
				84EBFA312732A5A300D8FCF8 /* Tap bar.swift */,
				84EBFA2D2732923900D8FCF8 /* structs.swift */,
				84EBFA1E2732861B00D8FCF8 /* Assets.xcassets */,
				84EBFA202732861B00D8FCF8 /* LaunchScreen.storyboard */,
				84EBFA232732861B00D8FCF8 /* Info.plist */,
			);
			path = attended;
			sourceTree = "<group>";
		};
		9212480FBD310CF3E7C97F1F /* Pods */ = {
			isa = PBXGroup;
			children = (
				B0FDAC72D4198DDB8B67DDE1 /* Pods-attended.debug.xcconfig */,
				BBD461F5CA0E2DF2D82DC155 /* Pods-attended.release.xcconfig */,
			);
			path = Pods;
			sourceTree = "<group>";
		};
		CB9800A1EDD0578C184BA47E /* Frameworks */ = {
			isa = PBXGroup;
			children = (
				3E9C7D517BEC64BEFCF5133D /* Pods_attended.framework */,
			);
			name = Frameworks;
			sourceTree = "<group>";
		};
/* End PBXGroup section */

/* Begin PBXNativeTarget section */
		84EBFA112732861700D8FCF8 /* attended */ = {
			isa = PBXNativeTarget;
			buildConfigurationList = 84EBFA262732861B00D8FCF8 /* Build configuration list for PBXNativeTarget "attended" */;
			buildPhases = (
				DE8344F4C232798C36106BF4 /* [CP] Check Pods Manifest.lock */,
				84EBFA0E2732861700D8FCF8 /* Sources */,
				84EBFA0F2732861700D8FCF8 /* Frameworks */,
				84EBFA102732861700D8FCF8 /* Resources */,
				9F2C389079EC392FD7F3A9D4 /* [CP] Embed Pods Frameworks */,
			);
			buildRules = (
			);
			dependencies = (
			);
			name = attended;
			productName = attended;
			productReference = 84EBFA122732861700D8FCF8 /* attended.app */;
			productType = "com.apple.product-type.application";
		};
/* End PBXNativeTarget section */

/* Begin PBXProject section */
		84EBFA0A2732861700D8FCF8 /* Project object */ = {
			isa = PBXProject;
			attributes = {
				BuildIndependentTargetsInParallel = 1;
				LastSwiftUpdateCheck = 1300;
				LastUpgradeCheck = 1300;
				TargetAttributes = {
					84EBFA112732861700D8FCF8 = {
						CreatedOnToolsVersion = 13.0;
					};
				};
			};
			buildConfigurationList = 84EBFA0D2732861700D8FCF8 /* Build configuration list for PBXProject "attended" */;
			compatibilityVersion = "Xcode 13.0";
			developmentRegion = en;
			hasScannedForEncodings = 0;
			knownRegions = (
				en,
				Base,
			);
			mainGroup = 84EBFA092732861700D8FCF8;
			productRefGroup = 84EBFA132732861700D8FCF8 /* Products */;
			projectDirPath = "";
			projectRoot = "";
			targets = (
				84EBFA112732861700D8FCF8 /* attended */,
			);
		};
/* End PBXProject section */

/* Begin PBXResourcesBuildPhase section */
		84EBFA102732861700D8FCF8 /* Resources */ = {
			isa = PBXResourcesBuildPhase;
			buildActionMask = 2147483647;
			files = (
				84EBFA222732861B00D8FCF8 /* LaunchScreen.storyboard in Resources */,
				84EBFA2A273286AD00D8FCF8 /* GoogleService-Info.plist in Resources */,
				84EBFA1F2732861B00D8FCF8 /* Assets.xcassets in Resources */,
			);
			runOnlyForDeploymentPostprocessing = 0;
		};
/* End PBXResourcesBuildPhase section */

/* Begin PBXShellScriptBuildPhase section */
		9F2C389079EC392FD7F3A9D4 /* [CP] Embed Pods Frameworks */ = {
			isa = PBXShellScriptBuildPhase;
			buildActionMask = 2147483647;
			files = (
			);
			inputFileListPaths = (
				"${PODS_ROOT}/Target Support Files/Pods-attended/Pods-attended-frameworks-${CONFIGURATION}-input-files.xcfilelist",
			);
			name = "[CP] Embed Pods Frameworks";
			outputFileListPaths = (
				"${PODS_ROOT}/Target Support Files/Pods-attended/Pods-attended-frameworks-${CONFIGURATION}-output-files.xcfilelist",
			);
			runOnlyForDeploymentPostprocessing = 0;
			shellPath = /bin/sh;
			shellScript = "\"${PODS_ROOT}/Target Support Files/Pods-attended/Pods-attended-frameworks.sh\"\n";
			showEnvVarsInLog = 0;
		};
		DE8344F4C232798C36106BF4 /* [CP] Check Pods Manifest.lock */ = {
			isa = PBXShellScriptBuildPhase;
			buildActionMask = 2147483647;
			files = (
			);
			inputFileListPaths = (
			);
			inputPaths = (
				"${PODS_PODFILE_DIR_PATH}/Podfile.lock",
				"${PODS_ROOT}/Manifest.lock",
			);
			name = "[CP] Check Pods Manifest.lock";
			outputFileListPaths = (
			);
			outputPaths = (
				"$(DERIVED_FILE_DIR)/Pods-attended-checkManifestLockResult.txt",
			);
			runOnlyForDeploymentPostprocessing = 0;
			shellPath = /bin/sh;
			shellScript = "diff \"${PODS_PODFILE_DIR_PATH}/Podfile.lock\" \"${PODS_ROOT}/Manifest.lock\" > /dev/null\nif [ $? != 0 ] ; then\n    # print error to STDERR\n    echo \"error: The sandbox is not in sync with the Podfile.lock. Run 'pod install' or update your CocoaPods installation.\" >&2\n    exit 1\nfi\n# This output is used by Xcode 'outputs' to avoid re-running this script phase.\necho \"SUCCESS\" > \"${SCRIPT_OUTPUT_FILE_0}\"\n";
			showEnvVarsInLog = 0;
		};
/* End PBXShellScriptBuildPhase section */

/* Begin PBXSourcesBuildPhase section */
		84EBFA0E2732861700D8FCF8 /* Sources */ = {
			isa = PBXSourcesBuildPhase;
			buildActionMask = 2147483647;
			files = (
				84EBFA2C2732901D00D8FCF8 /* DaysTableViewController.swift in Sources */,
				84EBFA30273297BA00D8FCF8 /* allStudent.swift in Sources */,
				84EBFA1A2732861700D8FCF8 /* ViewController.swift in Sources */,
				84EBFA162732861700D8FCF8 /* AppDelegate.swift in Sources */,
				84EBFA322732A5A400D8FCF8 /* Tap bar.swift in Sources */,
				84EBFA182732861700D8FCF8 /* SceneDelegate.swift in Sources */,
				84EBFA3427330A7500D8FCF8 /* StudentsVC.swift in Sources */,
				84EBFA2E2732923900D8FCF8 /* structs.swift in Sources */,
			);
			runOnlyForDeploymentPostprocessing = 0;
		};
/* End PBXSourcesBuildPhase section */

/* Begin PBXVariantGroup section */
		84EBFA202732861B00D8FCF8 /* LaunchScreen.storyboard */ = {
			isa = PBXVariantGroup;
			children = (
				84EBFA212732861B00D8FCF8 /* Base */,
			);
			name = LaunchScreen.storyboard;
			sourceTree = "<group>";
		};
/* End PBXVariantGroup section */

/* Begin XCBuildConfiguration section */
		84EBFA242732861B00D8FCF8 /* Debug */ = {
			isa = XCBuildConfiguration;
			buildSettings = {
				ALWAYS_SEARCH_USER_PATHS = NO;
				CLANG_ANALYZER_NONNULL = YES;
				CLANG_ANALYZER_NUMBER_OBJECT_CONVERSION = YES_AGGRESSIVE;
				CLANG_CXX_LANGUAGE_STANDARD = "gnu++17";
				CLANG_CXX_LIBRARY = "libc++";
				CLANG_ENABLE_MODULES = YES;
				CLANG_ENABLE_OBJC_ARC = YES;
				CLANG_ENABLE_OBJC_WEAK = YES;
				CLANG_WARN_BLOCK_CAPTURE_AUTORELEASING = YES;
				CLANG_WARN_BOOL_CONVERSION = YES;
				CLANG_WARN_COMMA = YES;
				CLANG_WARN_CONSTANT_CONVERSION = YES;
				CLANG_WARN_DEPRECATED_OBJC_IMPLEMENTATIONS = YES;
				CLANG_WARN_DIRECT_OBJC_ISA_USAGE = YES_ERROR;
				CLANG_WARN_DOCUMENTATION_COMMENTS = YES;
				CLANG_WARN_EMPTY_BODY = YES;
				CLANG_WARN_ENUM_CONVERSION = YES;
				CLANG_WARN_INFINITE_RECURSION = YES;
				CLANG_WARN_INT_CONVERSION = YES;
				CLANG_WARN_NON_LITERAL_NULL_CONVERSION = YES;
				CLANG_WARN_OBJC_IMPLICIT_RETAIN_SELF = YES;
				CLANG_WARN_OBJC_LITERAL_CONVERSION = YES;
				CLANG_WARN_OBJC_ROOT_CLASS = YES_ERROR;
				CLANG_WARN_QUOTED_INCLUDE_IN_FRAMEWORK_HEADER = YES;
				CLANG_WARN_RANGE_LOOP_ANALYSIS = YES;
				CLANG_WARN_STRICT_PROTOTYPES = YES;
				CLANG_WARN_SUSPICIOUS_MOVE = YES;
				CLANG_WARN_UNGUARDED_AVAILABILITY = YES_AGGRESSIVE;
				CLANG_WARN_UNREACHABLE_CODE = YES;
				CLANG_WARN__DUPLICATE_METHOD_MATCH = YES;
				COPY_PHASE_STRIP = NO;
				DEBUG_INFORMATION_FORMAT = dwarf;
				ENABLE_STRICT_OBJC_MSGSEND = YES;
				ENABLE_TESTABILITY = YES;
				GCC_C_LANGUAGE_STANDARD = gnu11;
				GCC_DYNAMIC_NO_PIC = NO;
				GCC_NO_COMMON_BLOCKS = YES;
				GCC_OPTIMIZATION_LEVEL = 0;
				GCC_PREPROCESSOR_DEFINITIONS = (
					"DEBUG=1",
					"$(inherited)",
				);
				GCC_WARN_64_TO_32_BIT_CONVERSION = YES;
				GCC_WARN_ABOUT_RETURN_TYPE = YES_ERROR;
				GCC_WARN_UNDECLARED_SELECTOR = YES;
				GCC_WARN_UNINITIALIZED_AUTOS = YES_AGGRESSIVE;
				GCC_WARN_UNUSED_FUNCTION = YES;
				GCC_WARN_UNUSED_VARIABLE = YES;
				IPHONEOS_DEPLOYMENT_TARGET = 15.0;
				MTL_ENABLE_DEBUG_INFO = INCLUDE_SOURCE;
				MTL_FAST_MATH = YES;
				ONLY_ACTIVE_ARCH = YES;
				SDKROOT = iphoneos;
				SWIFT_ACTIVE_COMPILATION_CONDITIONS = DEBUG;
				SWIFT_OPTIMIZATION_LEVEL = "-Onone";
			};
			name = Debug;
		};
		84EBFA252732861B00D8FCF8 /* Release */ = {
			isa = XCBuildConfiguration;
			buildSettings = {
				ALWAYS_SEARCH_USER_PATHS = NO;
				CLANG_ANALYZER_NONNULL = YES;
				CLANG_ANALYZER_NUMBER_OBJECT_CONVERSION = YES_AGGRESSIVE;
				CLANG_CXX_LANGUAGE_STANDARD = "gnu++17";
				CLANG_CXX_LIBRARY = "libc++";
				CLANG_ENABLE_MODULES = YES;
				CLANG_ENABLE_OBJC_ARC = YES;
				CLANG_ENABLE_OBJC_WEAK = YES;
				CLANG_WARN_BLOCK_CAPTURE_AUTORELEASING = YES;
				CLANG_WARN_BOOL_CONVERSION = YES;
				CLANG_WARN_COMMA = YES;
				CLANG_WARN_CONSTANT_CONVERSION = YES;
				CLANG_WARN_DEPRECATED_OBJC_IMPLEMENTATIONS = YES;
				CLANG_WARN_DIRECT_OBJC_ISA_USAGE = YES_ERROR;
				CLANG_WARN_DOCUMENTATION_COMMENTS = YES;
				CLANG_WARN_EMPTY_BODY = YES;
				CLANG_WARN_ENUM_CONVERSION = YES;
				CLANG_WARN_INFINITE_RECURSION = YES;
				CLANG_WARN_INT_CONVERSION = YES;
				CLANG_WARN_NON_LITERAL_NULL_CONVERSION = YES;
				CLANG_WARN_OBJC_IMPLICIT_RETAIN_SELF = YES;
				CLANG_WARN_OBJC_LITERAL_CONVERSION = YES;
				CLANG_WARN_OBJC_ROOT_CLASS = YES_ERROR;
				CLANG_WARN_QUOTED_INCLUDE_IN_FRAMEWORK_HEADER = YES;
				CLANG_WARN_RANGE_LOOP_ANALYSIS = YES;
				CLANG_WARN_STRICT_PROTOTYPES = YES;
				CLANG_WARN_SUSPICIOUS_MOVE = YES;
				CLANG_WARN_UNGUARDED_AVAILABILITY = YES_AGGRESSIVE;
				CLANG_WARN_UNREACHABLE_CODE = YES;
				CLANG_WARN__DUPLICATE_METHOD_MATCH = YES;
				COPY_PHASE_STRIP = NO;
				DEBUG_INFORMATION_FORMAT = "dwarf-with-dsym";
				ENABLE_NS_ASSERTIONS = NO;
				ENABLE_STRICT_OBJC_MSGSEND = YES;
				GCC_C_LANGUAGE_STANDARD = gnu11;
				GCC_NO_COMMON_BLOCKS = YES;
				GCC_WARN_64_TO_32_BIT_CONVERSION = YES;
				GCC_WARN_ABOUT_RETURN_TYPE = YES_ERROR;
				GCC_WARN_UNDECLARED_SELECTOR = YES;
				GCC_WARN_UNINITIALIZED_AUTOS = YES_AGGRESSIVE;
				GCC_WARN_UNUSED_FUNCTION = YES;
				GCC_WARN_UNUSED_VARIABLE = YES;
				IPHONEOS_DEPLOYMENT_TARGET = 15.0;
				MTL_ENABLE_DEBUG_INFO = NO;
				MTL_FAST_MATH = YES;
				SDKROOT = iphoneos;
				SWIFT_COMPILATION_MODE = wholemodule;
				SWIFT_OPTIMIZATION_LEVEL = "-O";
				VALIDATE_PRODUCT = YES;
			};
			name = Release;
		};
		84EBFA272732861B00D8FCF8 /* Debug */ = {
			isa = XCBuildConfiguration;
			baseConfigurationReference = B0FDAC72D4198DDB8B67DDE1 /* Pods-attended.debug.xcconfig */;
			buildSettings = {
				ASSETCATALOG_COMPILER_APPICON_NAME = AppIcon;
				ASSETCATALOG_COMPILER_GLOBAL_ACCENT_COLOR_NAME = AccentColor;
				CODE_SIGN_STYLE = Automatic;
				CURRENT_PROJECT_VERSION = 1;
				DEVELOPMENT_TEAM = 2VKRHK5LM7;
				GENERATE_INFOPLIST_FILE = YES;
				INFOPLIST_FILE = attended/Info.plist;
				INFOPLIST_KEY_UIApplicationSupportsIndirectInputEvents = YES;
				INFOPLIST_KEY_UILaunchStoryboardName = LaunchScreen;
				INFOPLIST_KEY_UISupportedInterfaceOrientations_iPad = "UIInterfaceOrientationPortrait UIInterfaceOrientationPortraitUpsideDown UIInterfaceOrientationLandscapeLeft UIInterfaceOrientationLandscapeRight";
				INFOPLIST_KEY_UISupportedInterfaceOrientations_iPhone = "UIInterfaceOrientationPortrait UIInterfaceOrientationLandscapeLeft UIInterfaceOrientationLandscapeRight";
				LD_RUNPATH_SEARCH_PATHS = (
					"$(inherited)",
					"@executable_path/Frameworks",
				);
				MARKETING_VERSION = 1.0;
				PRODUCT_BUNDLE_IDENTIFIER = sara.attended;
				PRODUCT_NAME = "$(TARGET_NAME)";
				SWIFT_EMIT_LOC_STRINGS = YES;
				SWIFT_VERSION = 5.0;
				TARGETED_DEVICE_FAMILY = "1,2";
			};
			name = Debug;
		};
		84EBFA282732861B00D8FCF8 /* Release */ = {
			isa = XCBuildConfiguration;
			baseConfigurationReference = BBD461F5CA0E2DF2D82DC155 /* Pods-attended.release.xcconfig */;
			buildSettings = {
				ASSETCATALOG_COMPILER_APPICON_NAME = AppIcon;
				ASSETCATALOG_COMPILER_GLOBAL_ACCENT_COLOR_NAME = AccentColor;
				CODE_SIGN_STYLE = Automatic;
				CURRENT_PROJECT_VERSION = 1;
				DEVELOPMENT_TEAM = 2VKRHK5LM7;
				GENERATE_INFOPLIST_FILE = YES;
				INFOPLIST_FILE = attended/Info.plist;
				INFOPLIST_KEY_UIApplicationSupportsIndirectInputEvents = YES;
				INFOPLIST_KEY_UILaunchStoryboardName = LaunchScreen;
				INFOPLIST_KEY_UISupportedInterfaceOrientations_iPad = "UIInterfaceOrientationPortrait UIInterfaceOrientationPortraitUpsideDown UIInterfaceOrientationLandscapeLeft UIInterfaceOrientationLandscapeRight";
				INFOPLIST_KEY_UISupportedInterfaceOrientations_iPhone = "UIInterfaceOrientationPortrait UIInterfaceOrientationLandscapeLeft UIInterfaceOrientationLandscapeRight";
				LD_RUNPATH_SEARCH_PATHS = (
					"$(inherited)",
					"@executable_path/Frameworks",
				);
				MARKETING_VERSION = 1.0;
				PRODUCT_BUNDLE_IDENTIFIER = sara.attended;
				PRODUCT_NAME = "$(TARGET_NAME)";
				SWIFT_EMIT_LOC_STRINGS = YES;
				SWIFT_VERSION = 5.0;
				TARGETED_DEVICE_FAMILY = "1,2";
			};
			name = Release;
		};
/* End XCBuildConfiguration section */

/* Begin XCConfigurationList section */
		84EBFA0D2732861700D8FCF8 /* Build configuration list for PBXProject "attended" */ = {
			isa = XCConfigurationList;
			buildConfigurations = (
				84EBFA242732861B00D8FCF8 /* Debug */,
				84EBFA252732861B00D8FCF8 /* Release */,
			);
			defaultConfigurationIsVisible = 0;
			defaultConfigurationName = Release;
		};
		84EBFA262732861B00D8FCF8 /* Build configuration list for PBXNativeTarget "attended" */ = {
			isa = XCConfigurationList;
			buildConfigurations = (
				84EBFA272732861B00D8FCF8 /* Debug */,
				84EBFA282732861B00D8FCF8 /* Release */,
			);
			defaultConfigurationIsVisible = 0;
			defaultConfigurationName = Release;
		};
/* End XCConfigurationList section */
	};
	rootObject = 84EBFA0A2732861700D8FCF8 /* Project object */;
}
