// !$*UTF8*$!
{
	archiveVersion = 1;
	classes = {
	};
	objectVersion = 55;
	objects = {

/* Begin PBXBuildFile section */
		4227F7B2E1331F8E717EDCEE /* Pods_Aziz_AttendanceApp.framework in Frameworks */ = {isa = PBXBuildFile; fileRef = 93EB09286C328F16C34A29B9 /* Pods_Aziz_AttendanceApp.framework */; };
		890D96852732A88F0097DDFC /* datePicker.swift in Sources */ = {isa = PBXBuildFile; fileRef = 890D96842732A88F0097DDFC /* datePicker.swift */; };
		890D96872732A9EC0097DDFC /* StudentsVC.swift in Sources */ = {isa = PBXBuildFile; fileRef = 890D96862732A9EC0097DDFC /* StudentsVC.swift */; };
		890D96892732C5B90097DDFC /* addName.swift in Sources */ = {isa = PBXBuildFile; fileRef = 890D96882732C5B90097DDFC /* addName.swift */; };
		893988A627332E6A007A36D4 /* tabBar.swift in Sources */ = {isa = PBXBuildFile; fileRef = 893988A527332E6A007A36D4 /* tabBar.swift */; };
		8956119E2731E79D00AC1A36 /* AppDelegate.swift in Sources */ = {isa = PBXBuildFile; fileRef = 8956119D2731E79D00AC1A36 /* AppDelegate.swift */; };
		895611A02731E79D00AC1A36 /* SceneDelegate.swift in Sources */ = {isa = PBXBuildFile; fileRef = 8956119F2731E79D00AC1A36 /* SceneDelegate.swift */; };
		895611A72731E79E00AC1A36 /* Assets.xcassets in Resources */ = {isa = PBXBuildFile; fileRef = 895611A62731E79E00AC1A36 /* Assets.xcassets */; };
		895611AA2731E79E00AC1A36 /* LaunchScreen.storyboard in Resources */ = {isa = PBXBuildFile; fileRef = 895611A82731E79E00AC1A36 /* LaunchScreen.storyboard */; };
		895611B22731E94E00AC1A36 /* GoogleService-Info.plist in Resources */ = {isa = PBXBuildFile; fileRef = 895611B12731E94E00AC1A36 /* GoogleService-Info.plist */; };
		895B47C22733C70C00E2D201 /* DaysList.swift in Sources */ = {isa = PBXBuildFile; fileRef = 895B47C12733C70C00E2D201 /* DaysList.swift */; };
		895B47C42733CD5400E2D201 /* addDay.swift in Sources */ = {isa = PBXBuildFile; fileRef = 895B47C32733CD5400E2D201 /* addDay.swift */; };
/* End PBXBuildFile section */

/* Begin PBXFileReference section */
		68BA1DFC9EC0D677A2CB7A2D /* Pods-Aziz.AttendanceApp.debug.xcconfig */ = {isa = PBXFileReference; includeInIndex = 1; lastKnownFileType = text.xcconfig; name = "Pods-Aziz.AttendanceApp.debug.xcconfig"; path = "Target Support Files/Pods-Aziz.AttendanceApp/Pods-Aziz.AttendanceApp.debug.xcconfig"; sourceTree = "<group>"; };
		890D96842732A88F0097DDFC /* datePicker.swift */ = {isa = PBXFileReference; lastKnownFileType = sourcecode.swift; path = datePicker.swift; sourceTree = "<group>"; };
		890D96862732A9EC0097DDFC /* StudentsVC.swift */ = {isa = PBXFileReference; lastKnownFileType = sourcecode.swift; path = StudentsVC.swift; sourceTree = "<group>"; };
		890D96882732C5B90097DDFC /* addName.swift */ = {isa = PBXFileReference; lastKnownFileType = sourcecode.swift; path = addName.swift; sourceTree = "<group>"; };
		893988A527332E6A007A36D4 /* tabBar.swift */ = {isa = PBXFileReference; lastKnownFileType = sourcecode.swift; path = tabBar.swift; sourceTree = "<group>"; };
		8956119A2731E79D00AC1A36 /* Aziz.AttendanceApp.app */ = {isa = PBXFileReference; explicitFileType = wrapper.application; includeInIndex = 0; path = Aziz.AttendanceApp.app; sourceTree = BUILT_PRODUCTS_DIR; };
		8956119D2731E79D00AC1A36 /* AppDelegate.swift */ = {isa = PBXFileReference; lastKnownFileType = sourcecode.swift; path = AppDelegate.swift; sourceTree = "<group>"; };
		8956119F2731E79D00AC1A36 /* SceneDelegate.swift */ = {isa = PBXFileReference; lastKnownFileType = sourcecode.swift; path = SceneDelegate.swift; sourceTree = "<group>"; };
		895611A62731E79E00AC1A36 /* Assets.xcassets */ = {isa = PBXFileReference; lastKnownFileType = folder.assetcatalog; path = Assets.xcassets; sourceTree = "<group>"; };
		895611A92731E79E00AC1A36 /* Base */ = {isa = PBXFileReference; lastKnownFileType = file.storyboard; name = Base; path = Base.lproj/LaunchScreen.storyboard; sourceTree = "<group>"; };
		895611AB2731E79E00AC1A36 /* Info.plist */ = {isa = PBXFileReference; lastKnownFileType = text.plist.xml; path = Info.plist; sourceTree = "<group>"; };
		895611B12731E94E00AC1A36 /* GoogleService-Info.plist */ = {isa = PBXFileReference; fileEncoding = 4; lastKnownFileType = text.plist.xml; path = "GoogleService-Info.plist"; sourceTree = "<group>"; };
		895B47C12733C70C00E2D201 /* DaysList.swift */ = {isa = PBXFileReference; lastKnownFileType = sourcecode.swift; path = DaysList.swift; sourceTree = "<group>"; };
		895B47C32733CD5400E2D201 /* addDay.swift */ = {isa = PBXFileReference; lastKnownFileType = sourcecode.swift; path = addDay.swift; sourceTree = "<group>"; };
		93EB09286C328F16C34A29B9 /* Pods_Aziz_AttendanceApp.framework */ = {isa = PBXFileReference; explicitFileType = wrapper.framework; includeInIndex = 0; path = Pods_Aziz_AttendanceApp.framework; sourceTree = BUILT_PRODUCTS_DIR; };
		C9C3FFA929FD236F8EEA4529 /* Pods-Aziz.AttendanceApp.release.xcconfig */ = {isa = PBXFileReference; includeInIndex = 1; lastKnownFileType = text.xcconfig; name = "Pods-Aziz.AttendanceApp.release.xcconfig"; path = "Target Support Files/Pods-Aziz.AttendanceApp/Pods-Aziz.AttendanceApp.release.xcconfig"; sourceTree = "<group>"; };
/* End PBXFileReference section */

/* Begin PBXFrameworksBuildPhase section */
		895611972731E79D00AC1A36 /* Frameworks */ = {
			isa = PBXFrameworksBuildPhase;
			buildActionMask = 2147483647;
			files = (
				4227F7B2E1331F8E717EDCEE /* Pods_Aziz_AttendanceApp.framework in Frameworks */,
			);
			runOnlyForDeploymentPostprocessing = 0;
		};
/* End PBXFrameworksBuildPhase section */

/* Begin PBXGroup section */
		8548FA718B69314657D4CC8B /* Frameworks */ = {
			isa = PBXGroup;
			children = (
				93EB09286C328F16C34A29B9 /* Pods_Aziz_AttendanceApp.framework */,
			);
			name = Frameworks;
			sourceTree = "<group>";
		};
		895611912731E79D00AC1A36 = {
			isa = PBXGroup;
			children = (
				8956119C2731E79D00AC1A36 /* Aziz.AttendanceApp */,
				8956119B2731E79D00AC1A36 /* Products */,
				EFB83894B1540BF16D4D40B0 /* Pods */,
				8548FA718B69314657D4CC8B /* Frameworks */,
			);
			sourceTree = "<group>";
		};
		8956119B2731E79D00AC1A36 /* Products */ = {
			isa = PBXGroup;
			children = (
				8956119A2731E79D00AC1A36 /* Aziz.AttendanceApp.app */,
			);
			name = Products;
			sourceTree = "<group>";
		};
		8956119C2731E79D00AC1A36 /* Aziz.AttendanceApp */ = {
			isa = PBXGroup;
			children = (
				8956119D2731E79D00AC1A36 /* AppDelegate.swift */,
				8956119F2731E79D00AC1A36 /* SceneDelegate.swift */,
				895B47C12733C70C00E2D201 /* DaysList.swift */,
				890D96842732A88F0097DDFC /* datePicker.swift */,
				895B47C32733CD5400E2D201 /* addDay.swift */,
				893988A527332E6A007A36D4 /* tabBar.swift */,
				890D96862732A9EC0097DDFC /* StudentsVC.swift */,
				890D96882732C5B90097DDFC /* addName.swift */,
				895611A82731E79E00AC1A36 /* LaunchScreen.storyboard */,
				895611A62731E79E00AC1A36 /* Assets.xcassets */,
				895611B12731E94E00AC1A36 /* GoogleService-Info.plist */,
				895611AB2731E79E00AC1A36 /* Info.plist */,
			);
			path = Aziz.AttendanceApp;
			sourceTree = "<group>";
		};
		EFB83894B1540BF16D4D40B0 /* Pods */ = {
			isa = PBXGroup;
			children = (
				68BA1DFC9EC0D677A2CB7A2D /* Pods-Aziz.AttendanceApp.debug.xcconfig */,
				C9C3FFA929FD236F8EEA4529 /* Pods-Aziz.AttendanceApp.release.xcconfig */,
			);
			path = Pods;
			sourceTree = "<group>";
		};
/* End PBXGroup section */

/* Begin PBXNativeTarget section */
		895611992731E79D00AC1A36 /* Aziz.AttendanceApp */ = {
			isa = PBXNativeTarget;
			buildConfigurationList = 895611AE2731E79E00AC1A36 /* Build configuration list for PBXNativeTarget "Aziz.AttendanceApp" */;
			buildPhases = (
				AEE632CD3CE705C396D9F0AC /* [CP] Check Pods Manifest.lock */,
				895611962731E79D00AC1A36 /* Sources */,
				895611972731E79D00AC1A36 /* Frameworks */,
				895611982731E79D00AC1A36 /* Resources */,
				62E848A96C254F8ABDF6157D /* [CP] Embed Pods Frameworks */,
			);
			buildRules = (
			);
			dependencies = (
			);
			name = Aziz.AttendanceApp;
			productName = Aziz.AttendanceApp;
			productReference = 8956119A2731E79D00AC1A36 /* Aziz.AttendanceApp.app */;
			productType = "com.apple.product-type.application";
		};
/* End PBXNativeTarget section */

/* Begin PBXProject section */
		895611922731E79D00AC1A36 /* Project object */ = {
			isa = PBXProject;
			attributes = {
				BuildIndependentTargetsInParallel = 1;
				LastSwiftUpdateCheck = 1300;
				LastUpgradeCheck = 1300;
				TargetAttributes = {
					895611992731E79D00AC1A36 = {
						CreatedOnToolsVersion = 13.0;
					};
				};
			};
			buildConfigurationList = 895611952731E79D00AC1A36 /* Build configuration list for PBXProject "Aziz.AttendanceApp" */;
			compatibilityVersion = "Xcode 13.0";
			developmentRegion = en;
			hasScannedForEncodings = 0;
			knownRegions = (
				en,
				Base,
			);
			mainGroup = 895611912731E79D00AC1A36;
			productRefGroup = 8956119B2731E79D00AC1A36 /* Products */;
			projectDirPath = "";
			projectRoot = "";
			targets = (
				895611992731E79D00AC1A36 /* Aziz.AttendanceApp */,
			);
		};
/* End PBXProject section */

/* Begin PBXResourcesBuildPhase section */
		895611982731E79D00AC1A36 /* Resources */ = {
			isa = PBXResourcesBuildPhase;
			buildActionMask = 2147483647;
			files = (
				895611AA2731E79E00AC1A36 /* LaunchScreen.storyboard in Resources */,
				895611A72731E79E00AC1A36 /* Assets.xcassets in Resources */,
				895611B22731E94E00AC1A36 /* GoogleService-Info.plist in Resources */,
			);
			runOnlyForDeploymentPostprocessing = 0;
		};
/* End PBXResourcesBuildPhase section */

/* Begin PBXShellScriptBuildPhase section */
		62E848A96C254F8ABDF6157D /* [CP] Embed Pods Frameworks */ = {
			isa = PBXShellScriptBuildPhase;
			buildActionMask = 2147483647;
			files = (
			);
			inputFileListPaths = (
				"${PODS_ROOT}/Target Support Files/Pods-Aziz.AttendanceApp/Pods-Aziz.AttendanceApp-frameworks-${CONFIGURATION}-input-files.xcfilelist",
			);
			name = "[CP] Embed Pods Frameworks";
			outputFileListPaths = (
				"${PODS_ROOT}/Target Support Files/Pods-Aziz.AttendanceApp/Pods-Aziz.AttendanceApp-frameworks-${CONFIGURATION}-output-files.xcfilelist",
			);
			runOnlyForDeploymentPostprocessing = 0;
			shellPath = /bin/sh;
			shellScript = "\"${PODS_ROOT}/Target Support Files/Pods-Aziz.AttendanceApp/Pods-Aziz.AttendanceApp-frameworks.sh\"\n";
			showEnvVarsInLog = 0;
		};
		AEE632CD3CE705C396D9F0AC /* [CP] Check Pods Manifest.lock */ = {
			isa = PBXShellScriptBuildPhase;
			buildActionMask = 2147483647;
			files = (
			);
			inputFileListPaths = (
			);
			inputPaths = (
				"${PODS_PODFILE_DIR_PATH}/Podfile.lock",
				"${PODS_ROOT}/Manifest.lock",
			);
			name = "[CP] Check Pods Manifest.lock";
			outputFileListPaths = (
			);
			outputPaths = (
				"$(DERIVED_FILE_DIR)/Pods-Aziz.AttendanceApp-checkManifestLockResult.txt",
			);
			runOnlyForDeploymentPostprocessing = 0;
			shellPath = /bin/sh;
			shellScript = "diff \"${PODS_PODFILE_DIR_PATH}/Podfile.lock\" \"${PODS_ROOT}/Manifest.lock\" > /dev/null\nif [ $? != 0 ] ; then\n    # print error to STDERR\n    echo \"error: The sandbox is not in sync with the Podfile.lock. Run 'pod install' or update your CocoaPods installation.\" >&2\n    exit 1\nfi\n# This output is used by Xcode 'outputs' to avoid re-running this script phase.\necho \"SUCCESS\" > \"${SCRIPT_OUTPUT_FILE_0}\"\n";
			showEnvVarsInLog = 0;
		};
/* End PBXShellScriptBuildPhase section */

/* Begin PBXSourcesBuildPhase section */
		895611962731E79D00AC1A36 /* Sources */ = {
			isa = PBXSourcesBuildPhase;
			buildActionMask = 2147483647;
			files = (
				890D96872732A9EC0097DDFC /* StudentsVC.swift in Sources */,
				890D96892732C5B90097DDFC /* addName.swift in Sources */,
				895B47C22733C70C00E2D201 /* DaysList.swift in Sources */,
				890D96852732A88F0097DDFC /* datePicker.swift in Sources */,
				893988A627332E6A007A36D4 /* tabBar.swift in Sources */,
				8956119E2731E79D00AC1A36 /* AppDelegate.swift in Sources */,
				895B47C42733CD5400E2D201 /* addDay.swift in Sources */,
				895611A02731E79D00AC1A36 /* SceneDelegate.swift in Sources */,
			);
			runOnlyForDeploymentPostprocessing = 0;
		};
/* End PBXSourcesBuildPhase section */

/* Begin PBXVariantGroup section */
		895611A82731E79E00AC1A36 /* LaunchScreen.storyboard */ = {
			isa = PBXVariantGroup;
			children = (
				895611A92731E79E00AC1A36 /* Base */,
			);
			name = LaunchScreen.storyboard;
			sourceTree = "<group>";
		};
/* End PBXVariantGroup section */

/* Begin XCBuildConfiguration section */
		895611AC2731E79E00AC1A36 /* Debug */ = {
			isa = XCBuildConfiguration;
			buildSettings = {
				ALWAYS_SEARCH_USER_PATHS = NO;
				CLANG_ANALYZER_NONNULL = YES;
				CLANG_ANALYZER_NUMBER_OBJECT_CONVERSION = YES_AGGRESSIVE;
				CLANG_CXX_LANGUAGE_STANDARD = "gnu++17";
				CLANG_CXX_LIBRARY = "libc++";
				CLANG_ENABLE_MODULES = YES;
				CLANG_ENABLE_OBJC_ARC = YES;
				CLANG_ENABLE_OBJC_WEAK = YES;
				CLANG_WARN_BLOCK_CAPTURE_AUTORELEASING = YES;
				CLANG_WARN_BOOL_CONVERSION = YES;
				CLANG_WARN_COMMA = YES;
				CLANG_WARN_CONSTANT_CONVERSION = YES;
				CLANG_WARN_DEPRECATED_OBJC_IMPLEMENTATIONS = YES;
				CLANG_WARN_DIRECT_OBJC_ISA_USAGE = YES_ERROR;
				CLANG_WARN_DOCUMENTATION_COMMENTS = YES;
				CLANG_WARN_EMPTY_BODY = YES;
				CLANG_WARN_ENUM_CONVERSION = YES;
				CLANG_WARN_INFINITE_RECURSION = YES;
				CLANG_WARN_INT_CONVERSION = YES;
				CLANG_WARN_NON_LITERAL_NULL_CONVERSION = YES;
				CLANG_WARN_OBJC_IMPLICIT_RETAIN_SELF = YES;
				CLANG_WARN_OBJC_LITERAL_CONVERSION = YES;
				CLANG_WARN_OBJC_ROOT_CLASS = YES_ERROR;
				CLANG_WARN_QUOTED_INCLUDE_IN_FRAMEWORK_HEADER = YES;
				CLANG_WARN_RANGE_LOOP_ANALYSIS = YES;
				CLANG_WARN_STRICT_PROTOTYPES = YES;
				CLANG_WARN_SUSPICIOUS_MOVE = YES;
				CLANG_WARN_UNGUARDED_AVAILABILITY = YES_AGGRESSIVE;
				CLANG_WARN_UNREACHABLE_CODE = YES;
				CLANG_WARN__DUPLICATE_METHOD_MATCH = YES;
				COPY_PHASE_STRIP = NO;
				DEBUG_INFORMATION_FORMAT = dwarf;
				ENABLE_STRICT_OBJC_MSGSEND = YES;
				ENABLE_TESTABILITY = YES;
				GCC_C_LANGUAGE_STANDARD = gnu11;
				GCC_DYNAMIC_NO_PIC = NO;
				GCC_NO_COMMON_BLOCKS = YES;
				GCC_OPTIMIZATION_LEVEL = 0;
				GCC_PREPROCESSOR_DEFINITIONS = (
					"DEBUG=1",
					"$(inherited)",
				);
				GCC_WARN_64_TO_32_BIT_CONVERSION = YES;
				GCC_WARN_ABOUT_RETURN_TYPE = YES_ERROR;
				GCC_WARN_UNDECLARED_SELECTOR = YES;
				GCC_WARN_UNINITIALIZED_AUTOS = YES_AGGRESSIVE;
				GCC_WARN_UNUSED_FUNCTION = YES;
				GCC_WARN_UNUSED_VARIABLE = YES;
				IPHONEOS_DEPLOYMENT_TARGET = 15.0;
				MTL_ENABLE_DEBUG_INFO = INCLUDE_SOURCE;
				MTL_FAST_MATH = YES;
				ONLY_ACTIVE_ARCH = YES;
				SDKROOT = iphoneos;
				SWIFT_ACTIVE_COMPILATION_CONDITIONS = DEBUG;
				SWIFT_OPTIMIZATION_LEVEL = "-Onone";
			};
			name = Debug;
		};
		895611AD2731E79E00AC1A36 /* Release */ = {
			isa = XCBuildConfiguration;
			buildSettings = {
				ALWAYS_SEARCH_USER_PATHS = NO;
				CLANG_ANALYZER_NONNULL = YES;
				CLANG_ANALYZER_NUMBER_OBJECT_CONVERSION = YES_AGGRESSIVE;
				CLANG_CXX_LANGUAGE_STANDARD = "gnu++17";
				CLANG_CXX_LIBRARY = "libc++";
				CLANG_ENABLE_MODULES = YES;
				CLANG_ENABLE_OBJC_ARC = YES;
				CLANG_ENABLE_OBJC_WEAK = YES;
				CLANG_WARN_BLOCK_CAPTURE_AUTORELEASING = YES;
				CLANG_WARN_BOOL_CONVERSION = YES;
				CLANG_WARN_COMMA = YES;
				CLANG_WARN_CONSTANT_CONVERSION = YES;
				CLANG_WARN_DEPRECATED_OBJC_IMPLEMENTATIONS = YES;
				CLANG_WARN_DIRECT_OBJC_ISA_USAGE = YES_ERROR;
				CLANG_WARN_DOCUMENTATION_COMMENTS = YES;
				CLANG_WARN_EMPTY_BODY = YES;
				CLANG_WARN_ENUM_CONVERSION = YES;
				CLANG_WARN_INFINITE_RECURSION = YES;
				CLANG_WARN_INT_CONVERSION = YES;
				CLANG_WARN_NON_LITERAL_NULL_CONVERSION = YES;
				CLANG_WARN_OBJC_IMPLICIT_RETAIN_SELF = YES;
				CLANG_WARN_OBJC_LITERAL_CONVERSION = YES;
				CLANG_WARN_OBJC_ROOT_CLASS = YES_ERROR;
				CLANG_WARN_QUOTED_INCLUDE_IN_FRAMEWORK_HEADER = YES;
				CLANG_WARN_RANGE_LOOP_ANALYSIS = YES;
				CLANG_WARN_STRICT_PROTOTYPES = YES;
				CLANG_WARN_SUSPICIOUS_MOVE = YES;
				CLANG_WARN_UNGUARDED_AVAILABILITY = YES_AGGRESSIVE;
				CLANG_WARN_UNREACHABLE_CODE = YES;
				CLANG_WARN__DUPLICATE_METHOD_MATCH = YES;
				COPY_PHASE_STRIP = NO;
				DEBUG_INFORMATION_FORMAT = "dwarf-with-dsym";
				ENABLE_NS_ASSERTIONS = NO;
				ENABLE_STRICT_OBJC_MSGSEND = YES;
				GCC_C_LANGUAGE_STANDARD = gnu11;
				GCC_NO_COMMON_BLOCKS = YES;
				GCC_WARN_64_TO_32_BIT_CONVERSION = YES;
				GCC_WARN_ABOUT_RETURN_TYPE = YES_ERROR;
				GCC_WARN_UNDECLARED_SELECTOR = YES;
				GCC_WARN_UNINITIALIZED_AUTOS = YES_AGGRESSIVE;
				GCC_WARN_UNUSED_FUNCTION = YES;
				GCC_WARN_UNUSED_VARIABLE = YES;
				IPHONEOS_DEPLOYMENT_TARGET = 15.0;
				MTL_ENABLE_DEBUG_INFO = NO;
				MTL_FAST_MATH = YES;
				SDKROOT = iphoneos;
				SWIFT_COMPILATION_MODE = wholemodule;
				SWIFT_OPTIMIZATION_LEVEL = "-O";
				VALIDATE_PRODUCT = YES;
			};
			name = Release;
		};
		895611AF2731E79E00AC1A36 /* Debug */ = {
			isa = XCBuildConfiguration;
			baseConfigurationReference = 68BA1DFC9EC0D677A2CB7A2D /* Pods-Aziz.AttendanceApp.debug.xcconfig */;
			buildSettings = {
				ASSETCATALOG_COMPILER_APPICON_NAME = AppIcon;
				ASSETCATALOG_COMPILER_GLOBAL_ACCENT_COLOR_NAME = AccentColor;
				CODE_SIGN_STYLE = Automatic;
				CURRENT_PROJECT_VERSION = 1;
				GENERATE_INFOPLIST_FILE = YES;
				INFOPLIST_FILE = Aziz.AttendanceApp/Info.plist;
				INFOPLIST_KEY_UIApplicationSupportsIndirectInputEvents = YES;
				INFOPLIST_KEY_UILaunchStoryboardName = LaunchScreen;
				INFOPLIST_KEY_UISupportedInterfaceOrientations_iPad = "UIInterfaceOrientationPortrait UIInterfaceOrientationPortraitUpsideDown UIInterfaceOrientationLandscapeLeft UIInterfaceOrientationLandscapeRight";
				INFOPLIST_KEY_UISupportedInterfaceOrientations_iPhone = "UIInterfaceOrientationPortrait UIInterfaceOrientationLandscapeLeft UIInterfaceOrientationLandscapeRight";
				LD_RUNPATH_SEARCH_PATHS = (
					"$(inherited)",
					"@executable_path/Frameworks",
				);
				MARKETING_VERSION = 1.0;
				PRODUCT_BUNDLE_IDENTIFIER = "com.aziz.Aziz-AttendanceApp";
				PRODUCT_NAME = "$(TARGET_NAME)";
				SWIFT_EMIT_LOC_STRINGS = YES;
				SWIFT_VERSION = 5.0;
				TARGETED_DEVICE_FAMILY = "1,2";
			};
			name = Debug;
		};
		895611B02731E79E00AC1A36 /* Release */ = {
			isa = XCBuildConfiguration;
			baseConfigurationReference = C9C3FFA929FD236F8EEA4529 /* Pods-Aziz.AttendanceApp.release.xcconfig */;
			buildSettings = {
				ASSETCATALOG_COMPILER_APPICON_NAME = AppIcon;
				ASSETCATALOG_COMPILER_GLOBAL_ACCENT_COLOR_NAME = AccentColor;
				CODE_SIGN_STYLE = Automatic;
				CURRENT_PROJECT_VERSION = 1;
				GENERATE_INFOPLIST_FILE = YES;
				INFOPLIST_FILE = Aziz.AttendanceApp/Info.plist;
				INFOPLIST_KEY_UIApplicationSupportsIndirectInputEvents = YES;
				INFOPLIST_KEY_UILaunchStoryboardName = LaunchScreen;
				INFOPLIST_KEY_UISupportedInterfaceOrientations_iPad = "UIInterfaceOrientationPortrait UIInterfaceOrientationPortraitUpsideDown UIInterfaceOrientationLandscapeLeft UIInterfaceOrientationLandscapeRight";
				INFOPLIST_KEY_UISupportedInterfaceOrientations_iPhone = "UIInterfaceOrientationPortrait UIInterfaceOrientationLandscapeLeft UIInterfaceOrientationLandscapeRight";
				LD_RUNPATH_SEARCH_PATHS = (
					"$(inherited)",
					"@executable_path/Frameworks",
				);
				MARKETING_VERSION = 1.0;
				PRODUCT_BUNDLE_IDENTIFIER = "com.aziz.Aziz-AttendanceApp";
				PRODUCT_NAME = "$(TARGET_NAME)";
				SWIFT_EMIT_LOC_STRINGS = YES;
				SWIFT_VERSION = 5.0;
				TARGETED_DEVICE_FAMILY = "1,2";
			};
			name = Release;
		};
/* End XCBuildConfiguration section */

/* Begin XCConfigurationList section */
		895611952731E79D00AC1A36 /* Build configuration list for PBXProject "Aziz.AttendanceApp" */ = {
			isa = XCConfigurationList;
			buildConfigurations = (
				895611AC2731E79E00AC1A36 /* Debug */,
				895611AD2731E79E00AC1A36 /* Release */,
			);
			defaultConfigurationIsVisible = 0;
			defaultConfigurationName = Release;
		};
		895611AE2731E79E00AC1A36 /* Build configuration list for PBXNativeTarget "Aziz.AttendanceApp" */ = {
			isa = XCConfigurationList;
			buildConfigurations = (
				895611AF2731E79E00AC1A36 /* Debug */,
				895611B02731E79E00AC1A36 /* Release */,
			);
			defaultConfigurationIsVisible = 0;
			defaultConfigurationName = Release;
		};
/* End XCConfigurationList section */
	};
	rootObject = 895611922731E79D00AC1A36 /* Project object */;
}
