// !$*UTF8*$!
{
	archiveVersion = 1;
	classes = {
	};
	objectVersion = 55;
	objects = {

/* Begin PBXBuildFile section */
		1F5AF8222735A34D00613DF7 /* AttendenceCell.swift in Sources */ = {isa = PBXBuildFile; fileRef = 1F5AF8212735A34D00613DF7 /* AttendenceCell.swift */; };
		1F839EF12732656000331B6E /* AppDelegate.swift in Sources */ = {isa = PBXBuildFile; fileRef = 1F839EF02732656000331B6E /* AppDelegate.swift */; };
		1F839EF32732656000331B6E /* SceneDelegate.swift in Sources */ = {isa = PBXBuildFile; fileRef = 1F839EF22732656000331B6E /* SceneDelegate.swift */; };
		1F839EF52732656000331B6E /* StudentsName.swift in Sources */ = {isa = PBXBuildFile; fileRef = 1F839EF42732656000331B6E /* StudentsName.swift */; };
		1F839EF82732656000331B6E /* Main.storyboard in Resources */ = {isa = PBXBuildFile; fileRef = 1F839EF62732656000331B6E /* Main.storyboard */; };
		1F839EFA2732656400331B6E /* Assets.xcassets in Resources */ = {isa = PBXBuildFile; fileRef = 1F839EF92732656400331B6E /* Assets.xcassets */; };
		1F839EFD2732656400331B6E /* LaunchScreen.storyboard in Resources */ = {isa = PBXBuildFile; fileRef = 1F839EFB2732656400331B6E /* LaunchScreen.storyboard */; };
		1F839F0727326BF000331B6E /* Days.swift in Sources */ = {isa = PBXBuildFile; fileRef = 1F839F0627326BF000331B6E /* Days.swift */; };
		1F839F0927326C5900331B6E /* AttendanceSheet.swift in Sources */ = {isa = PBXBuildFile; fileRef = 1F839F0827326C5900331B6E /* AttendanceSheet.swift */; };
		1F839F0B2732730F00331B6E /* GoogleService-Info.plist in Resources */ = {isa = PBXBuildFile; fileRef = 1F839F0A2732730F00331B6E /* GoogleService-Info.plist */; };
		1F839F0D2732A6B000331B6E /* DayCell.swift in Sources */ = {isa = PBXBuildFile; fileRef = 1F839F0C2732A6B000331B6E /* DayCell.swift */; };
		1FDAFA2C2739975C007CC1F6 /* StudentsService.swift in Sources */ = {isa = PBXBuildFile; fileRef = 1FDAFA2B2739975C007CC1F6 /* StudentsService.swift */; };
		1FDAFA2E27399775007CC1F6 /* DaysService.swift in Sources */ = {isa = PBXBuildFile; fileRef = 1FDAFA2D27399775007CC1F6 /* DaysService.swift */; };
		1FDAFA3227399826007CC1F6 /* Day.swift in Sources */ = {isa = PBXBuildFile; fileRef = 1FDAFA3127399826007CC1F6 /* Day.swift */; };
		1FDAFA342739984F007CC1F6 /* Student.swift in Sources */ = {isa = PBXBuildFile; fileRef = 1FDAFA332739984F007CC1F6 /* Student.swift */; };
		1FDAFA37273998D0007CC1F6 /* NewDay.swift in Sources */ = {isa = PBXBuildFile; fileRef = 1FDAFA36273998D0007CC1F6 /* NewDay.swift */; };
		1FDAFA3927399946007CC1F6 /* NewStudent.swift in Sources */ = {isa = PBXBuildFile; fileRef = 1FDAFA3827399946007CC1F6 /* NewStudent.swift */; };
		3B7CBF47DF55CCD22B2AE2CC /* Pods_Attendence.framework in Frameworks */ = {isa = PBXBuildFile; fileRef = 65D0E773685EF50BD497AA60 /* Pods_Attendence.framework */; };
/* End PBXBuildFile section */

/* Begin PBXFileReference section */
		1F5AF8212735A34D00613DF7 /* AttendenceCell.swift */ = {isa = PBXFileReference; lastKnownFileType = sourcecode.swift; path = AttendenceCell.swift; sourceTree = "<group>"; };
		1F839EED2732656000331B6E /* Attendence.app */ = {isa = PBXFileReference; explicitFileType = wrapper.application; includeInIndex = 0; path = Attendence.app; sourceTree = BUILT_PRODUCTS_DIR; };
		1F839EF02732656000331B6E /* AppDelegate.swift */ = {isa = PBXFileReference; lastKnownFileType = sourcecode.swift; path = AppDelegate.swift; sourceTree = "<group>"; };
		1F839EF22732656000331B6E /* SceneDelegate.swift */ = {isa = PBXFileReference; lastKnownFileType = sourcecode.swift; path = SceneDelegate.swift; sourceTree = "<group>"; };
		1F839EF42732656000331B6E /* StudentsName.swift */ = {isa = PBXFileReference; lastKnownFileType = sourcecode.swift; path = StudentsName.swift; sourceTree = "<group>"; };
		1F839EF72732656000331B6E /* Base */ = {isa = PBXFileReference; lastKnownFileType = file.storyboard; name = Base; path = Base.lproj/Main.storyboard; sourceTree = "<group>"; };
		1F839EF92732656400331B6E /* Assets.xcassets */ = {isa = PBXFileReference; lastKnownFileType = folder.assetcatalog; path = Assets.xcassets; sourceTree = "<group>"; };
		1F839EFC2732656400331B6E /* Base */ = {isa = PBXFileReference; lastKnownFileType = file.storyboard; name = Base; path = Base.lproj/LaunchScreen.storyboard; sourceTree = "<group>"; };
		1F839EFE2732656400331B6E /* Info.plist */ = {isa = PBXFileReference; lastKnownFileType = text.plist.xml; path = Info.plist; sourceTree = "<group>"; };
		1F839F0627326BF000331B6E /* Days.swift */ = {isa = PBXFileReference; lastKnownFileType = sourcecode.swift; path = Days.swift; sourceTree = "<group>"; };
		1F839F0827326C5900331B6E /* AttendanceSheet.swift */ = {isa = PBXFileReference; lastKnownFileType = sourcecode.swift; path = AttendanceSheet.swift; sourceTree = "<group>"; };
		1F839F0A2732730F00331B6E /* GoogleService-Info.plist */ = {isa = PBXFileReference; lastKnownFileType = text.plist; path = "GoogleService-Info.plist"; sourceTree = SOURCE_ROOT; };
		1F839F0C2732A6B000331B6E /* DayCell.swift */ = {isa = PBXFileReference; lastKnownFileType = sourcecode.swift; path = DayCell.swift; sourceTree = "<group>"; };
		1FDAFA2B2739975C007CC1F6 /* StudentsService.swift */ = {isa = PBXFileReference; lastKnownFileType = sourcecode.swift; path = StudentsService.swift; sourceTree = "<group>"; };
		1FDAFA2D27399775007CC1F6 /* DaysService.swift */ = {isa = PBXFileReference; lastKnownFileType = sourcecode.swift; path = DaysService.swift; sourceTree = "<group>"; };
		1FDAFA3127399826007CC1F6 /* Day.swift */ = {isa = PBXFileReference; lastKnownFileType = sourcecode.swift; path = Day.swift; sourceTree = "<group>"; };
		1FDAFA332739984F007CC1F6 /* Student.swift */ = {isa = PBXFileReference; lastKnownFileType = sourcecode.swift; path = Student.swift; sourceTree = "<group>"; };
		1FDAFA36273998D0007CC1F6 /* NewDay.swift */ = {isa = PBXFileReference; lastKnownFileType = sourcecode.swift; path = NewDay.swift; sourceTree = "<group>"; };
		1FDAFA3827399946007CC1F6 /* NewStudent.swift */ = {isa = PBXFileReference; lastKnownFileType = sourcecode.swift; path = NewStudent.swift; sourceTree = "<group>"; };
		64A23BBFA60930C1CA12349A /* Pods-Attendence.release.xcconfig */ = {isa = PBXFileReference; includeInIndex = 1; lastKnownFileType = text.xcconfig; name = "Pods-Attendence.release.xcconfig"; path = "Target Support Files/Pods-Attendence/Pods-Attendence.release.xcconfig"; sourceTree = "<group>"; };
		65D0E773685EF50BD497AA60 /* Pods_Attendence.framework */ = {isa = PBXFileReference; explicitFileType = wrapper.framework; includeInIndex = 0; path = Pods_Attendence.framework; sourceTree = BUILT_PRODUCTS_DIR; };
		9076AEB92C25F7170F2D18F8 /* Pods-Attendence.debug.xcconfig */ = {isa = PBXFileReference; includeInIndex = 1; lastKnownFileType = text.xcconfig; name = "Pods-Attendence.debug.xcconfig"; path = "Target Support Files/Pods-Attendence/Pods-Attendence.debug.xcconfig"; sourceTree = "<group>"; };
/* End PBXFileReference section */

/* Begin PBXFrameworksBuildPhase section */
		1F839EEA2732656000331B6E /* Frameworks */ = {
			isa = PBXFrameworksBuildPhase;
			buildActionMask = 2147483647;
			files = (
				3B7CBF47DF55CCD22B2AE2CC /* Pods_Attendence.framework in Frameworks */,
			);
			runOnlyForDeploymentPostprocessing = 0;
		};
/* End PBXFrameworksBuildPhase section */

/* Begin PBXGroup section */
		1F839EE42732656000331B6E = {
			isa = PBXGroup;
			children = (
				1F839EEF2732656000331B6E /* Attendence */,
				1F839EEE2732656000331B6E /* Products */,
				766662CC8C79EAC73E5229B5 /* Pods */,
				B197A6011B9013B9E287E0B8 /* Frameworks */,
			);
			sourceTree = "<group>";
		};
		1F839EEE2732656000331B6E /* Products */ = {
			isa = PBXGroup;
			children = (
				1F839EED2732656000331B6E /* Attendence.app */,
			);
			name = Products;
			sourceTree = "<group>";
		};
		1F839EEF2732656000331B6E /* Attendence */ = {
			isa = PBXGroup;
			children = (
				1FDAFA2F27399780007CC1F6 /* Services */,
				1FDAFA30273997FA007CC1F6 /* Models */,
				1FDAFA3527399887007CC1F6 /* Days */,
				1FDAFA3A27399965007CC1F6 /* Students */,
				1FDAFA3B273999A1007CC1F6 /* New Group */,
				1F839EF62732656000331B6E /* Main.storyboard */,
				1F839EF22732656000331B6E /* SceneDelegate.swift */,
				1F839EF02732656000331B6E /* AppDelegate.swift */,
				1F839EF92732656400331B6E /* Assets.xcassets */,
				1F839EFB2732656400331B6E /* LaunchScreen.storyboard */,
				1F839F0A2732730F00331B6E /* GoogleService-Info.plist */,
				1F839EFE2732656400331B6E /* Info.plist */,
			);
			path = Attendence;
			sourceTree = "<group>";
		};
		1FDAFA2F27399780007CC1F6 /* Services */ = {
			isa = PBXGroup;
			children = (
				1FDAFA2D27399775007CC1F6 /* DaysService.swift */,
				1FDAFA2B2739975C007CC1F6 /* StudentsService.swift */,
			);
			path = Services;
			sourceTree = "<group>";
		};
		1FDAFA30273997FA007CC1F6 /* Models */ = {
			isa = PBXGroup;
			children = (
				1FDAFA332739984F007CC1F6 /* Student.swift */,
				1FDAFA3127399826007CC1F6 /* Day.swift */,
			);
			path = Models;
			sourceTree = "<group>";
		};
		1FDAFA3527399887007CC1F6 /* Days */ = {
			isa = PBXGroup;
			children = (
				1F839F0C2732A6B000331B6E /* DayCell.swift */,
				1F839F0627326BF000331B6E /* Days.swift */,
				1FDAFA36273998D0007CC1F6 /* NewDay.swift */,
			);
			path = Days;
			sourceTree = "<group>";
		};
		1FDAFA3A27399965007CC1F6 /* Students */ = {
			isa = PBXGroup;
			children = (
				1F839EF42732656000331B6E /* StudentsName.swift */,
				1FDAFA3827399946007CC1F6 /* NewStudent.swift */,
			);
			path = Students;
			sourceTree = "<group>";
		};
		1FDAFA3B273999A1007CC1F6 /* New Group */ = {
			isa = PBXGroup;
			children = (
				1F5AF8212735A34D00613DF7 /* AttendenceCell.swift */,
				1F839F0827326C5900331B6E /* AttendanceSheet.swift */,
			);
			path = "New Group";
			sourceTree = "<group>";
		};
		766662CC8C79EAC73E5229B5 /* Pods */ = {
			isa = PBXGroup;
			children = (
				9076AEB92C25F7170F2D18F8 /* Pods-Attendence.debug.xcconfig */,
				64A23BBFA60930C1CA12349A /* Pods-Attendence.release.xcconfig */,
			);
			path = Pods;
			sourceTree = "<group>";
		};
		B197A6011B9013B9E287E0B8 /* Frameworks */ = {
			isa = PBXGroup;
			children = (
				65D0E773685EF50BD497AA60 /* Pods_Attendence.framework */,
			);
			name = Frameworks;
			sourceTree = "<group>";
		};
/* End PBXGroup section */

/* Begin PBXNativeTarget section */
		1F839EEC2732656000331B6E /* Attendence */ = {
			isa = PBXNativeTarget;
			buildConfigurationList = 1F839F012732656400331B6E /* Build configuration list for PBXNativeTarget "Attendence" */;
			buildPhases = (
				DE9E30033D8388470ECD6512 /* [CP] Check Pods Manifest.lock */,
				1F839EE92732656000331B6E /* Sources */,
				1F839EEA2732656000331B6E /* Frameworks */,
				1F839EEB2732656000331B6E /* Resources */,
				7684B7DEED33A7C999E0672F /* [CP] Embed Pods Frameworks */,
			);
			buildRules = (
			);
			dependencies = (
			);
			name = Attendence;
			productName = Attendence;
			productReference = 1F839EED2732656000331B6E /* Attendence.app */;
			productType = "com.apple.product-type.application";
		};
/* End PBXNativeTarget section */

/* Begin PBXProject section */
		1F839EE52732656000331B6E /* Project object */ = {
			isa = PBXProject;
			attributes = {
				BuildIndependentTargetsInParallel = 1;
				LastSwiftUpdateCheck = 1300;
				LastUpgradeCheck = 1300;
				TargetAttributes = {
					1F839EEC2732656000331B6E = {
						CreatedOnToolsVersion = 13.0;
					};
				};
			};
			buildConfigurationList = 1F839EE82732656000331B6E /* Build configuration list for PBXProject "Attendence" */;
			compatibilityVersion = "Xcode 13.0";
			developmentRegion = en;
			hasScannedForEncodings = 0;
			knownRegions = (
				en,
				Base,
			);
			mainGroup = 1F839EE42732656000331B6E;
			productRefGroup = 1F839EEE2732656000331B6E /* Products */;
			projectDirPath = "";
			projectRoot = "";
			targets = (
				1F839EEC2732656000331B6E /* Attendence */,
			);
		};
/* End PBXProject section */

/* Begin PBXResourcesBuildPhase section */
		1F839EEB2732656000331B6E /* Resources */ = {
			isa = PBXResourcesBuildPhase;
			buildActionMask = 2147483647;
			files = (
				1F839EFD2732656400331B6E /* LaunchScreen.storyboard in Resources */,
				1F839F0B2732730F00331B6E /* GoogleService-Info.plist in Resources */,
				1F839EFA2732656400331B6E /* Assets.xcassets in Resources */,
				1F839EF82732656000331B6E /* Main.storyboard in Resources */,
			);
			runOnlyForDeploymentPostprocessing = 0;
		};
/* End PBXResourcesBuildPhase section */

/* Begin PBXShellScriptBuildPhase section */
		7684B7DEED33A7C999E0672F /* [CP] Embed Pods Frameworks */ = {
			isa = PBXShellScriptBuildPhase;
			buildActionMask = 2147483647;
			files = (
			);
			inputFileListPaths = (
				"${PODS_ROOT}/Target Support Files/Pods-Attendence/Pods-Attendence-frameworks-${CONFIGURATION}-input-files.xcfilelist",
			);
			name = "[CP] Embed Pods Frameworks";
			outputFileListPaths = (
				"${PODS_ROOT}/Target Support Files/Pods-Attendence/Pods-Attendence-frameworks-${CONFIGURATION}-output-files.xcfilelist",
			);
			runOnlyForDeploymentPostprocessing = 0;
			shellPath = /bin/sh;
			shellScript = "\"${PODS_ROOT}/Target Support Files/Pods-Attendence/Pods-Attendence-frameworks.sh\"\n";
			showEnvVarsInLog = 0;
		};
		DE9E30033D8388470ECD6512 /* [CP] Check Pods Manifest.lock */ = {
			isa = PBXShellScriptBuildPhase;
			buildActionMask = 2147483647;
			files = (
			);
			inputFileListPaths = (
			);
			inputPaths = (
				"${PODS_PODFILE_DIR_PATH}/Podfile.lock",
				"${PODS_ROOT}/Manifest.lock",
			);
			name = "[CP] Check Pods Manifest.lock";
			outputFileListPaths = (
			);
			outputPaths = (
				"$(DERIVED_FILE_DIR)/Pods-Attendence-checkManifestLockResult.txt",
			);
			runOnlyForDeploymentPostprocessing = 0;
			shellPath = /bin/sh;
			shellScript = "diff \"${PODS_PODFILE_DIR_PATH}/Podfile.lock\" \"${PODS_ROOT}/Manifest.lock\" > /dev/null\nif [ $? != 0 ] ; then\n    # print error to STDERR\n    echo \"error: The sandbox is not in sync with the Podfile.lock. Run 'pod install' or update your CocoaPods installation.\" >&2\n    exit 1\nfi\n# This output is used by Xcode 'outputs' to avoid re-running this script phase.\necho \"SUCCESS\" > \"${SCRIPT_OUTPUT_FILE_0}\"\n";
			showEnvVarsInLog = 0;
		};
/* End PBXShellScriptBuildPhase section */

/* Begin PBXSourcesBuildPhase section */
		1F839EE92732656000331B6E /* Sources */ = {
			isa = PBXSourcesBuildPhase;
			buildActionMask = 2147483647;
			files = (
				1F839EF52732656000331B6E /* StudentsName.swift in Sources */,
				1F839F0927326C5900331B6E /* AttendanceSheet.swift in Sources */,
				1F5AF8222735A34D00613DF7 /* AttendenceCell.swift in Sources */,
				1FDAFA342739984F007CC1F6 /* Student.swift in Sources */,
				1FDAFA2C2739975C007CC1F6 /* StudentsService.swift in Sources */,
				1F839EF12732656000331B6E /* AppDelegate.swift in Sources */,
				1F839F0727326BF000331B6E /* Days.swift in Sources */,
				1FDAFA3927399946007CC1F6 /* NewStudent.swift in Sources */,
				1FDAFA37273998D0007CC1F6 /* NewDay.swift in Sources */,
				1F839F0D2732A6B000331B6E /* DayCell.swift in Sources */,
				1FDAFA2E27399775007CC1F6 /* DaysService.swift in Sources */,
				1FDAFA3227399826007CC1F6 /* Day.swift in Sources */,
				1F839EF32732656000331B6E /* SceneDelegate.swift in Sources */,
			);
			runOnlyForDeploymentPostprocessing = 0;
		};
/* End PBXSourcesBuildPhase section */

/* Begin PBXVariantGroup section */
		1F839EF62732656000331B6E /* Main.storyboard */ = {
			isa = PBXVariantGroup;
			children = (
				1F839EF72732656000331B6E /* Base */,
			);
			name = Main.storyboard;
			sourceTree = "<group>";
		};
		1F839EFB2732656400331B6E /* LaunchScreen.storyboard */ = {
			isa = PBXVariantGroup;
			children = (
				1F839EFC2732656400331B6E /* Base */,
			);
			name = LaunchScreen.storyboard;
			sourceTree = "<group>";
		};
/* End PBXVariantGroup section */

/* Begin XCBuildConfiguration section */
		1F839EFF2732656400331B6E /* Debug */ = {
			isa = XCBuildConfiguration;
			buildSettings = {
				ALWAYS_SEARCH_USER_PATHS = NO;
				CLANG_ANALYZER_NONNULL = YES;
				CLANG_ANALYZER_NUMBER_OBJECT_CONVERSION = YES_AGGRESSIVE;
				CLANG_CXX_LANGUAGE_STANDARD = "gnu++17";
				CLANG_CXX_LIBRARY = "libc++";
				CLANG_ENABLE_MODULES = YES;
				CLANG_ENABLE_OBJC_ARC = YES;
				CLANG_ENABLE_OBJC_WEAK = YES;
				CLANG_WARN_BLOCK_CAPTURE_AUTORELEASING = YES;
				CLANG_WARN_BOOL_CONVERSION = YES;
				CLANG_WARN_COMMA = YES;
				CLANG_WARN_CONSTANT_CONVERSION = YES;
				CLANG_WARN_DEPRECATED_OBJC_IMPLEMENTATIONS = YES;
				CLANG_WARN_DIRECT_OBJC_ISA_USAGE = YES_ERROR;
				CLANG_WARN_DOCUMENTATION_COMMENTS = YES;
				CLANG_WARN_EMPTY_BODY = YES;
				CLANG_WARN_ENUM_CONVERSION = YES;
				CLANG_WARN_INFINITE_RECURSION = YES;
				CLANG_WARN_INT_CONVERSION = YES;
				CLANG_WARN_NON_LITERAL_NULL_CONVERSION = YES;
				CLANG_WARN_OBJC_IMPLICIT_RETAIN_SELF = YES;
				CLANG_WARN_OBJC_LITERAL_CONVERSION = YES;
				CLANG_WARN_OBJC_ROOT_CLASS = YES_ERROR;
				CLANG_WARN_QUOTED_INCLUDE_IN_FRAMEWORK_HEADER = YES;
				CLANG_WARN_RANGE_LOOP_ANALYSIS = YES;
				CLANG_WARN_STRICT_PROTOTYPES = YES;
				CLANG_WARN_SUSPICIOUS_MOVE = YES;
				CLANG_WARN_UNGUARDED_AVAILABILITY = YES_AGGRESSIVE;
				CLANG_WARN_UNREACHABLE_CODE = YES;
				CLANG_WARN__DUPLICATE_METHOD_MATCH = YES;
				COPY_PHASE_STRIP = NO;
				DEBUG_INFORMATION_FORMAT = dwarf;
				ENABLE_STRICT_OBJC_MSGSEND = YES;
				ENABLE_TESTABILITY = YES;
				GCC_C_LANGUAGE_STANDARD = gnu11;
				GCC_DYNAMIC_NO_PIC = NO;
				GCC_NO_COMMON_BLOCKS = YES;
				GCC_OPTIMIZATION_LEVEL = 0;
				GCC_PREPROCESSOR_DEFINITIONS = (
					"DEBUG=1",
					"$(inherited)",
				);
				GCC_WARN_64_TO_32_BIT_CONVERSION = YES;
				GCC_WARN_ABOUT_RETURN_TYPE = YES_ERROR;
				GCC_WARN_UNDECLARED_SELECTOR = YES;
				GCC_WARN_UNINITIALIZED_AUTOS = YES_AGGRESSIVE;
				GCC_WARN_UNUSED_FUNCTION = YES;
				GCC_WARN_UNUSED_VARIABLE = YES;
				IPHONEOS_DEPLOYMENT_TARGET = 15.0;
				MTL_ENABLE_DEBUG_INFO = INCLUDE_SOURCE;
				MTL_FAST_MATH = YES;
				ONLY_ACTIVE_ARCH = YES;
				SDKROOT = iphoneos;
				SWIFT_ACTIVE_COMPILATION_CONDITIONS = DEBUG;
				SWIFT_OPTIMIZATION_LEVEL = "-Onone";
			};
			name = Debug;
		};
		1F839F002732656400331B6E /* Release */ = {
			isa = XCBuildConfiguration;
			buildSettings = {
				ALWAYS_SEARCH_USER_PATHS = NO;
				CLANG_ANALYZER_NONNULL = YES;
				CLANG_ANALYZER_NUMBER_OBJECT_CONVERSION = YES_AGGRESSIVE;
				CLANG_CXX_LANGUAGE_STANDARD = "gnu++17";
				CLANG_CXX_LIBRARY = "libc++";
				CLANG_ENABLE_MODULES = YES;
				CLANG_ENABLE_OBJC_ARC = YES;
				CLANG_ENABLE_OBJC_WEAK = YES;
				CLANG_WARN_BLOCK_CAPTURE_AUTORELEASING = YES;
				CLANG_WARN_BOOL_CONVERSION = YES;
				CLANG_WARN_COMMA = YES;
				CLANG_WARN_CONSTANT_CONVERSION = YES;
				CLANG_WARN_DEPRECATED_OBJC_IMPLEMENTATIONS = YES;
				CLANG_WARN_DIRECT_OBJC_ISA_USAGE = YES_ERROR;
				CLANG_WARN_DOCUMENTATION_COMMENTS = YES;
				CLANG_WARN_EMPTY_BODY = YES;
				CLANG_WARN_ENUM_CONVERSION = YES;
				CLANG_WARN_INFINITE_RECURSION = YES;
				CLANG_WARN_INT_CONVERSION = YES;
				CLANG_WARN_NON_LITERAL_NULL_CONVERSION = YES;
				CLANG_WARN_OBJC_IMPLICIT_RETAIN_SELF = YES;
				CLANG_WARN_OBJC_LITERAL_CONVERSION = YES;
				CLANG_WARN_OBJC_ROOT_CLASS = YES_ERROR;
				CLANG_WARN_QUOTED_INCLUDE_IN_FRAMEWORK_HEADER = YES;
				CLANG_WARN_RANGE_LOOP_ANALYSIS = YES;
				CLANG_WARN_STRICT_PROTOTYPES = YES;
				CLANG_WARN_SUSPICIOUS_MOVE = YES;
				CLANG_WARN_UNGUARDED_AVAILABILITY = YES_AGGRESSIVE;
				CLANG_WARN_UNREACHABLE_CODE = YES;
				CLANG_WARN__DUPLICATE_METHOD_MATCH = YES;
				COPY_PHASE_STRIP = NO;
				DEBUG_INFORMATION_FORMAT = "dwarf-with-dsym";
				ENABLE_NS_ASSERTIONS = NO;
				ENABLE_STRICT_OBJC_MSGSEND = YES;
				GCC_C_LANGUAGE_STANDARD = gnu11;
				GCC_NO_COMMON_BLOCKS = YES;
				GCC_WARN_64_TO_32_BIT_CONVERSION = YES;
				GCC_WARN_ABOUT_RETURN_TYPE = YES_ERROR;
				GCC_WARN_UNDECLARED_SELECTOR = YES;
				GCC_WARN_UNINITIALIZED_AUTOS = YES_AGGRESSIVE;
				GCC_WARN_UNUSED_FUNCTION = YES;
				GCC_WARN_UNUSED_VARIABLE = YES;
				IPHONEOS_DEPLOYMENT_TARGET = 15.0;
				MTL_ENABLE_DEBUG_INFO = NO;
				MTL_FAST_MATH = YES;
				SDKROOT = iphoneos;
				SWIFT_COMPILATION_MODE = wholemodule;
				SWIFT_OPTIMIZATION_LEVEL = "-O";
				VALIDATE_PRODUCT = YES;
			};
			name = Release;
		};
		1F839F022732656400331B6E /* Debug */ = {
			isa = XCBuildConfiguration;
			baseConfigurationReference = 9076AEB92C25F7170F2D18F8 /* Pods-Attendence.debug.xcconfig */;
			buildSettings = {
				ASSETCATALOG_COMPILER_APPICON_NAME = AppIcon;
				ASSETCATALOG_COMPILER_GLOBAL_ACCENT_COLOR_NAME = AccentColor;
				CODE_SIGN_STYLE = Automatic;
				CURRENT_PROJECT_VERSION = 1;
				DEVELOPMENT_TEAM = VVJKC8N3PQ;
				GENERATE_INFOPLIST_FILE = YES;
				INFOPLIST_FILE = Attendence/Info.plist;
				INFOPLIST_KEY_UIApplicationSupportsIndirectInputEvents = YES;
				INFOPLIST_KEY_UILaunchStoryboardName = LaunchScreen;
				INFOPLIST_KEY_UIMainStoryboardFile = Main;
				INFOPLIST_KEY_UISupportedInterfaceOrientations_iPad = "UIInterfaceOrientationPortrait UIInterfaceOrientationPortraitUpsideDown UIInterfaceOrientationLandscapeLeft UIInterfaceOrientationLandscapeRight";
				INFOPLIST_KEY_UISupportedInterfaceOrientations_iPhone = "UIInterfaceOrientationPortrait UIInterfaceOrientationLandscapeLeft UIInterfaceOrientationLandscapeRight";
				LD_RUNPATH_SEARCH_PATHS = (
					"$(inherited)",
					"@executable_path/Frameworks",
				);
				MARKETING_VERSION = 1.0;
				PRODUCT_BUNDLE_IDENTIFIER = "com.sara-alzhrani.Attendence";
				PRODUCT_NAME = "$(TARGET_NAME)";
				SWIFT_EMIT_LOC_STRINGS = YES;
				SWIFT_VERSION = 5.0;
				TARGETED_DEVICE_FAMILY = "1,2";
			};
			name = Debug;
		};
		1F839F032732656400331B6E /* Release */ = {
			isa = XCBuildConfiguration;
			baseConfigurationReference = 64A23BBFA60930C1CA12349A /* Pods-Attendence.release.xcconfig */;
			buildSettings = {
				ASSETCATALOG_COMPILER_APPICON_NAME = AppIcon;
				ASSETCATALOG_COMPILER_GLOBAL_ACCENT_COLOR_NAME = AccentColor;
				CODE_SIGN_STYLE = Automatic;
				CURRENT_PROJECT_VERSION = 1;
				DEVELOPMENT_TEAM = VVJKC8N3PQ;
				GENERATE_INFOPLIST_FILE = YES;
				INFOPLIST_FILE = Attendence/Info.plist;
				INFOPLIST_KEY_UIApplicationSupportsIndirectInputEvents = YES;
				INFOPLIST_KEY_UILaunchStoryboardName = LaunchScreen;
				INFOPLIST_KEY_UIMainStoryboardFile = Main;
				INFOPLIST_KEY_UISupportedInterfaceOrientations_iPad = "UIInterfaceOrientationPortrait UIInterfaceOrientationPortraitUpsideDown UIInterfaceOrientationLandscapeLeft UIInterfaceOrientationLandscapeRight";
				INFOPLIST_KEY_UISupportedInterfaceOrientations_iPhone = "UIInterfaceOrientationPortrait UIInterfaceOrientationLandscapeLeft UIInterfaceOrientationLandscapeRight";
				LD_RUNPATH_SEARCH_PATHS = (
					"$(inherited)",
					"@executable_path/Frameworks",
				);
				MARKETING_VERSION = 1.0;
				PRODUCT_BUNDLE_IDENTIFIER = "com.sara-alzhrani.Attendence";
				PRODUCT_NAME = "$(TARGET_NAME)";
				SWIFT_EMIT_LOC_STRINGS = YES;
				SWIFT_VERSION = 5.0;
				TARGETED_DEVICE_FAMILY = "1,2";
			};
			name = Release;
		};
/* End XCBuildConfiguration section */

/* Begin XCConfigurationList section */
		1F839EE82732656000331B6E /* Build configuration list for PBXProject "Attendence" */ = {
			isa = XCConfigurationList;
			buildConfigurations = (
				1F839EFF2732656400331B6E /* Debug */,
				1F839F002732656400331B6E /* Release */,
			);
			defaultConfigurationIsVisible = 0;
			defaultConfigurationName = Release;
		};
		1F839F012732656400331B6E /* Build configuration list for PBXNativeTarget "Attendence" */ = {
			isa = XCConfigurationList;
			buildConfigurations = (
				1F839F022732656400331B6E /* Debug */,
				1F839F032732656400331B6E /* Release */,
			);
			defaultConfigurationIsVisible = 0;
			defaultConfigurationName = Release;
		};
/* End XCConfigurationList section */
	};
	rootObject = 1F839EE52732656000331B6E /* Project object */;
}
